
Microsoft Visual Studio Solution File, Format Version 12.00
# Visual Studio Version 17
VisualStudioVersion = 17.3.32825.248
MinimumVisualStudioVersion = 10.0.40219.1
Project("{9A19103F-16F7-4668-BE54-9A1E7A4F7556}") = "SCO.Contracts", "SCO.Contracts\SCO.Contracts.csproj", "{DA3E71EB-6009-4B52-8783-D676301B5BA5}"
EndProject
Project("{9A19103F-16F7-4668-BE54-9A1E7A4F7556}") = "SCO.Identity.Api", "SCO.Identity\SCO.Identity.Api.csproj", "{37CE2C89-9BC3-4E6A-8695-5B5B02113EEF}"
EndProject
Project("{9A19103F-16F7-4668-BE54-9A1E7A4F7556}") = "SCO.ProductService.Domain", "SCO.ProductService.Domain\SCO.ProductService.Domain.csproj", "{BBF6973D-B778-4ED0-A2FC-5BE18AC2C61F}"
EndProject
Project("{9A19103F-16F7-4668-BE54-9A1E7A4F7556}") = "SCO.ProductService.Application", "SCO.ProductService.Application\SCO.ProductService.Application.csproj", "{50DB6008-EE20-43B1-9EAD-F53DE204C46B}"
EndProject
Project("{9A19103F-16F7-4668-BE54-9A1E7A4F7556}") = "SCO.ProductService.Infrastructure", "SCO.ProductService.Infrastructure\SCO.ProductService.Infrastructure.csproj", "{8040BA37-0879-409A-B152-0E162ED3AC6B}"
EndProject
Project("{9A19103F-16F7-4668-BE54-9A1E7A4F7556}") = "SCO.ProductService.EntityFramework", "SCO.ProductService.EntityFramework\SCO.ProductService.EntityFramework.csproj", "{ADA6C96A-75AA-486C-937E-9460520AE766}"
EndProject
Project("{9A19103F-16F7-4668-BE54-9A1E7A4F7556}") = "SCO.PrinterService.Api", "SCO.Printer.Api\SCO.PrinterService.Api.csproj", "{E3AF5F8A-368E-4BAB-8CE2-D0F0CD2CC4AE}"
EndProject
Project("{9A19103F-16F7-4668-BE54-9A1E7A4F7556}") = "SCO.PrinterService.Domain", "SCO.Printer.Domain\SCO.PrinterService.Domain.csproj", "{C0D83FD9-CFE5-4DBB-99CE-72598B3F922E}"
EndProject
Project("{9A19103F-16F7-4668-BE54-9A1E7A4F7556}") = "SCO.Identity.Domain", "SCO.Identity.Domain\SCO.Identity.Domain.csproj", "{9CA80790-44B7-49EB-9C48-F07D753F98AC}"
EndProject
Project("{9A19103F-16F7-4668-BE54-9A1E7A4F7556}") = "SCO.Identity.Application", "SCO.Identity.Application\SCO.Identity.Application.csproj", "{4BD25CDF-D59B-4FBC-AB3E-B650E4D902C2}"
EndProject
Project("{9A19103F-16F7-4668-BE54-9A1E7A4F7556}") = "SCO.Identity.Infrastructure", "SCO.Identity.Infrastructure\SCO.Identity.Infrastructure.csproj", "{E4FE171D-7D75-48ED-B486-5E578372A4A5}"
EndProject
Project("{9A19103F-16F7-4668-BE54-9A1E7A4F7556}") = "SCO.Identity.EntityFramework", "SCO.Identity.EntityFramework\SCO.Identity.EntityFramework.csproj", "{0918D00B-63BE-456B-9649-F6F082A9511E}"
EndProject
Project("{2150E333-8FDC-42A3-9474-1A3956D46DE8}") = "SCO.Microservices", "SCO.Microservices", "{A4A2DDB7-3580-4BAE-810C-246B99EE1AB1}"
EndProject
Project("{2150E333-8FDC-42A3-9474-1A3956D46DE8}") = "PrinterService", "PrinterService", "{8FBC374D-A797-4F9C-BFC1-8E4C88F1CDD8}"
EndProject
Project("{2150E333-8FDC-42A3-9474-1A3956D46DE8}") = "ProductService", "ProductService", "{C2F3B59B-84B9-4C1F-B347-73F3B5333B81}"
EndProject
Project("{2150E333-8FDC-42A3-9474-1A3956D46DE8}") = "BasketService", "BasketService", "{7B1A1C00-E43F-45F7-BEB5-0856CB2D490C}"
EndProject
Project("{2150E333-8FDC-42A3-9474-1A3956D46DE8}") = "PaymentService", "PaymentService", "{EA7D4080-8A9D-41B8-8CE6-F44D4E7B1698}"
EndProject
Project("{2150E333-8FDC-42A3-9474-1A3956D46DE8}") = "IdentityService", "IdentityService", "{76CDB86C-8EFF-47C3-AE5D-000B44170364}"
EndProject
Project("{9A19103F-16F7-4668-BE54-9A1E7A4F7556}") = "SCO.BasketService.Api", "SCO.BasketService.Api\SCO.BasketService.Api.csproj", "{32BCC5DA-DD1F-4F79-96A8-E7C19247C2C7}"
EndProject
Project("{9A19103F-16F7-4668-BE54-9A1E7A4F7556}") = "SCO.BasketService.Domain", "SCO.BasketService.Domain\SCO.BasketService.Domain.csproj", "{EC6F85FE-6FE7-45D8-996C-C17DF477A537}"
EndProject
Project("{9A19103F-16F7-4668-BE54-9A1E7A4F7556}") = "SCO.BasketService.Application", "SCO.BasketService.Application\SCO.BasketService.Application.csproj", "{881BE285-7267-4269-8A97-7D44EE290870}"
EndProject
Project("{9A19103F-16F7-4668-BE54-9A1E7A4F7556}") = "SCO.BasketService.EntityFramework", "SCO.BasketService.EntityFramework\SCO.BasketService.EntityFramework.csproj", "{70946C92-2760-4F2E-B3AB-918CD5B4A9A4}"
EndProject
Project("{9A19103F-16F7-4668-BE54-9A1E7A4F7556}") = "SCO.BasketService.Infrastructure", "SCO.BasketService.Infrastructure\SCO.BasketService.Infrastructure.csproj", "{F4BA9FA8-6644-4B04-AF65-0C83C71DEE8B}"
EndProject
Project("{9A19103F-16F7-4668-BE54-9A1E7A4F7556}") = "SCO.PrinterService.Application", "SCO.Printer.Application\SCO.PrinterService.Application.csproj", "{3D7A4FAF-D4D5-45B9-95C1-C1FC4D7A1C98}"
EndProject
Project("{2150E333-8FDC-42A3-9474-1A3956D46DE8}") = "SCO.Core", "SCO.Core", "{CD41E47F-DF14-4712-985A-2404B1DEC520}"
EndProject
Project("{9A19103F-16F7-4668-BE54-9A1E7A4F7556}") = "SCO.PaymentService.Api", "SCO.PaymentService.Api\SCO.PaymentService.Api.csproj", "{85EB0653-BA3A-447F-B53E-D91BF13BAFDC}"
EndProject
Project("{9A19103F-16F7-4668-BE54-9A1E7A4F7556}") = "SCO.PaymentService.Application", "SCO.PaymentService.Application\SCO.PaymentService.Application.csproj", "{C3601A71-40E0-45A8-A8D8-5C18568DD8A5}"
EndProject
Project("{9A19103F-16F7-4668-BE54-9A1E7A4F7556}") = "SCO.PaymentService.Domain", "SCO.PaymentService.Domain\SCO.PaymentService.Domain.csproj", "{9A156D1F-65C3-41F8-8822-0ADAC5504A3E}"
EndProject
Project("{9A19103F-16F7-4668-BE54-9A1E7A4F7556}") = "SCO.PaymentService.Infrastructure", "SCO.PaymentService.Infrastructure\SCO.PaymentService.Infrastructure.csproj", "{E5C6BF73-06AA-449E-BA48-339BE08AF1AB}"
EndProject
Project("{9A19103F-16F7-4668-BE54-9A1E7A4F7556}") = "SCO.PaymentService.EntityFramework", "SCO.PaymentService.EntityFramework\SCO.PaymentService.EntityFramework.csproj", "{1A5E22A6-7A0D-422B-9CD5-CDADCFB5DF15}"
EndProject
Project("{2150E333-8FDC-42A3-9474-1A3956D46DE8}") = "ShiftService", "ShiftService", "{F9E254EF-22B8-43F7-B8E1-1F85F4C95239}"
EndProject
Project("{9A19103F-16F7-4668-BE54-9A1E7A4F7556}") = "SCO.ShiftService.Api", "SCO.ShiftService\SCO.ShiftService.Api.csproj", "{25D2E7C5-009D-4519-9B3D-C8BEB9572954}"
EndProject
Project("{9A19103F-16F7-4668-BE54-9A1E7A4F7556}") = "SCO.ShiftService.Application", "SCO.ShiftService.Application\SCO.ShiftService.Application.csproj", "{9AD58CFF-DB1D-4F84-8E25-3ACD1CB03D88}"
EndProject
Project("{9A19103F-16F7-4668-BE54-9A1E7A4F7556}") = "SCO.Gateway.Api", "SCO.Gateway.Api\SCO.Gateway.Api.csproj", "{059C669E-3668-44AB-9740-94D9ED604A31}"
EndProject
Project("{E53339B2-1760-4266-BCC7-CA923CBCF16C}") = "docker-compose", "docker-compose.dcproj", "{4D07B0B6-024D-4588-9731-42E945C07A86}"
EndProject
Project("{9A19103F-16F7-4668-BE54-9A1E7A4F7556}") = "SCO.ProductService.Api", "SCO.ProductService.Api\SCO.ProductService.Api.csproj", "{B7F76BFE-D923-498F-A845-E72D10C695F3}"
EndProject
Project("{9A19103F-16F7-4668-BE54-9A1E7A4F7556}") = "SCO.Gateway.Application", "SCO.Gateway.Application\SCO.Gateway.Application.csproj", "{8CFAD1A5-1579-40D4-A2A1-B58DAC317255}"
EndProject
Project("{9A19103F-16F7-4668-BE54-9A1E7A4F7556}") = "SCO.Web.UI", "SCO.Web.UI\SCO.Web.UI.csproj", "{C97D38B7-C73A-407B-B82D-FB3B69681B3D}"
EndProject
Project("{2150E333-8FDC-42A3-9474-1A3956D46DE8}") = "SCO.UI", "SCO.UI", "{FAFD157A-344E-4AE9-9F13-84B3207858D7}"
EndProject
Project("{2150E333-8FDC-42A3-9474-1A3956D46DE8}") = "ConfigurationService", "ConfigurationService", "{819F7675-AE4A-4961-9445-F67F985FE736}"
EndProject
Project("{9A19103F-16F7-4668-BE54-9A1E7A4F7556}") = "SCO.ConfigurationService.Application", "SCO.ConfigurationService.Application\SCO.ConfigurationService.Application.csproj", "{A729D9BB-0D87-4209-960C-5CF88DFE8103}"
EndProject
Project("{9A19103F-16F7-4668-BE54-9A1E7A4F7556}") = "SCO.ConfigurationService.Infrastructure", "SCO.ConfigurationService.Infrastructure\SCO.ConfigurationService.Infrastructure.csproj", "{0AEB01D4-4F86-483B-A352-CAA1BA8B8353}"
EndProject
Project("{9A19103F-16F7-4668-BE54-9A1E7A4F7556}") = "SCO.ConfigurationService.Domain", "SCO.ConfigurationService.Domain\SCO.ConfigurationService.Domain.csproj", "{04A4D148-4D25-4F2B-AA36-CE29B0758920}"
EndProject
Project("{9A19103F-16F7-4668-BE54-9A1E7A4F7556}") = "SCO.ConfigurationService.Api", "SCO.ConfigurationService.Api\SCO.ConfigurationService.Api.csproj", "{09F6EE7A-A180-4FA1-A52C-51F50E757328}"
EndProject
Project("{FAE04EC0-301F-11D3-BF4B-00C04F79EFBC}") = "SCO.ShiftService.Domain", "SCO.ShiftService.Domain\SCO.ShiftService.Domain.csproj", "{350CF77B-DE83-42D8-94F0-8AF72E90AEFB}"
EndProject
Project("{FAE04EC0-301F-11D3-BF4B-00C04F79EFBC}") = "SCO.ShiftService.Infrastructure", "SCO.ShiftService.Infrastructure\SCO.ShiftService.Infrastructure.csproj", "{2B646D95-2E18-4FBD-9654-BC69B0A7C07E}"
EndProject
Project("{FAE04EC0-301F-11D3-BF4B-00C04F79EFBC}") = "SCO.ShiftService.EntityFramework", "SCO.ShiftService.EntityFramework\SCO.ShiftService.EntityFramework.csproj", "{CD42F4E5-C50B-4F33-A6EA-04B898489268}"
EndProject
Global
	GlobalSection(SolutionConfigurationPlatforms) = preSolution
		Debug|Any CPU = Debug|Any CPU
		NoVariablesDefault|Any CPU = NoVariablesDefault|Any CPU
		Release|Any CPU = Release|Any CPU
	EndGlobalSection
	GlobalSection(ProjectConfigurationPlatforms) = postSolution
		{DA3E71EB-6009-4B52-8783-D676301B5BA5}.Debug|Any CPU.ActiveCfg = Debug|Any CPU
		{DA3E71EB-6009-4B52-8783-D676301B5BA5}.Debug|Any CPU.Build.0 = Debug|Any CPU
		{DA3E71EB-6009-4B52-8783-D676301B5BA5}.NoVariablesDefault|Any CPU.ActiveCfg = Release|Any CPU
		{DA3E71EB-6009-4B52-8783-D676301B5BA5}.NoVariablesDefault|Any CPU.Build.0 = Release|Any CPU
		{DA3E71EB-6009-4B52-8783-D676301B5BA5}.Release|Any CPU.ActiveCfg = Release|Any CPU
		{DA3E71EB-6009-4B52-8783-D676301B5BA5}.Release|Any CPU.Build.0 = Release|Any CPU
		{37CE2C89-9BC3-4E6A-8695-5B5B02113EEF}.Debug|Any CPU.ActiveCfg = Debug|Any CPU
		{37CE2C89-9BC3-4E6A-8695-5B5B02113EEF}.Debug|Any CPU.Build.0 = Debug|Any CPU
		{37CE2C89-9BC3-4E6A-8695-5B5B02113EEF}.NoVariablesDefault|Any CPU.ActiveCfg = Release|Any CPU
		{37CE2C89-9BC3-4E6A-8695-5B5B02113EEF}.NoVariablesDefault|Any CPU.Build.0 = Release|Any CPU
		{37CE2C89-9BC3-4E6A-8695-5B5B02113EEF}.Release|Any CPU.ActiveCfg = Release|Any CPU
		{37CE2C89-9BC3-4E6A-8695-5B5B02113EEF}.Release|Any CPU.Build.0 = Release|Any CPU
		{BBF6973D-B778-4ED0-A2FC-5BE18AC2C61F}.Debug|Any CPU.ActiveCfg = Debug|Any CPU
		{BBF6973D-B778-4ED0-A2FC-5BE18AC2C61F}.Debug|Any CPU.Build.0 = Debug|Any CPU
		{BBF6973D-B778-4ED0-A2FC-5BE18AC2C61F}.NoVariablesDefault|Any CPU.ActiveCfg = Release|Any CPU
		{BBF6973D-B778-4ED0-A2FC-5BE18AC2C61F}.NoVariablesDefault|Any CPU.Build.0 = Release|Any CPU
		{BBF6973D-B778-4ED0-A2FC-5BE18AC2C61F}.Release|Any CPU.ActiveCfg = Release|Any CPU
		{BBF6973D-B778-4ED0-A2FC-5BE18AC2C61F}.Release|Any CPU.Build.0 = Release|Any CPU
		{50DB6008-EE20-43B1-9EAD-F53DE204C46B}.Debug|Any CPU.ActiveCfg = Debug|Any CPU
		{50DB6008-EE20-43B1-9EAD-F53DE204C46B}.Debug|Any CPU.Build.0 = Debug|Any CPU
		{50DB6008-EE20-43B1-9EAD-F53DE204C46B}.NoVariablesDefault|Any CPU.ActiveCfg = Release|Any CPU
		{50DB6008-EE20-43B1-9EAD-F53DE204C46B}.NoVariablesDefault|Any CPU.Build.0 = Release|Any CPU
		{50DB6008-EE20-43B1-9EAD-F53DE204C46B}.Release|Any CPU.ActiveCfg = Release|Any CPU
		{50DB6008-EE20-43B1-9EAD-F53DE204C46B}.Release|Any CPU.Build.0 = Release|Any CPU
		{8040BA37-0879-409A-B152-0E162ED3AC6B}.Debug|Any CPU.ActiveCfg = Debug|Any CPU
		{8040BA37-0879-409A-B152-0E162ED3AC6B}.Debug|Any CPU.Build.0 = Debug|Any CPU
		{8040BA37-0879-409A-B152-0E162ED3AC6B}.NoVariablesDefault|Any CPU.ActiveCfg = Release|Any CPU
		{8040BA37-0879-409A-B152-0E162ED3AC6B}.NoVariablesDefault|Any CPU.Build.0 = Release|Any CPU
		{8040BA37-0879-409A-B152-0E162ED3AC6B}.Release|Any CPU.ActiveCfg = Release|Any CPU
		{8040BA37-0879-409A-B152-0E162ED3AC6B}.Release|Any CPU.Build.0 = Release|Any CPU
		{ADA6C96A-75AA-486C-937E-9460520AE766}.Debug|Any CPU.ActiveCfg = Debug|Any CPU
		{ADA6C96A-75AA-486C-937E-9460520AE766}.Debug|Any CPU.Build.0 = Debug|Any CPU
		{ADA6C96A-75AA-486C-937E-9460520AE766}.NoVariablesDefault|Any CPU.ActiveCfg = Release|Any CPU
		{ADA6C96A-75AA-486C-937E-9460520AE766}.NoVariablesDefault|Any CPU.Build.0 = Release|Any CPU
		{ADA6C96A-75AA-486C-937E-9460520AE766}.Release|Any CPU.ActiveCfg = Release|Any CPU
		{ADA6C96A-75AA-486C-937E-9460520AE766}.Release|Any CPU.Build.0 = Release|Any CPU
		{E3AF5F8A-368E-4BAB-8CE2-D0F0CD2CC4AE}.Debug|Any CPU.ActiveCfg = Debug|Any CPU
		{E3AF5F8A-368E-4BAB-8CE2-D0F0CD2CC4AE}.Debug|Any CPU.Build.0 = Debug|Any CPU
		{E3AF5F8A-368E-4BAB-8CE2-D0F0CD2CC4AE}.NoVariablesDefault|Any CPU.ActiveCfg = Release|Any CPU
		{E3AF5F8A-368E-4BAB-8CE2-D0F0CD2CC4AE}.NoVariablesDefault|Any CPU.Build.0 = Release|Any CPU
		{E3AF5F8A-368E-4BAB-8CE2-D0F0CD2CC4AE}.Release|Any CPU.ActiveCfg = Release|Any CPU
		{E3AF5F8A-368E-4BAB-8CE2-D0F0CD2CC4AE}.Release|Any CPU.Build.0 = Release|Any CPU
		{C0D83FD9-CFE5-4DBB-99CE-72598B3F922E}.Debug|Any CPU.ActiveCfg = Debug|Any CPU
		{C0D83FD9-CFE5-4DBB-99CE-72598B3F922E}.Debug|Any CPU.Build.0 = Debug|Any CPU
		{C0D83FD9-CFE5-4DBB-99CE-72598B3F922E}.NoVariablesDefault|Any CPU.ActiveCfg = Release|Any CPU
		{C0D83FD9-CFE5-4DBB-99CE-72598B3F922E}.NoVariablesDefault|Any CPU.Build.0 = Release|Any CPU
		{C0D83FD9-CFE5-4DBB-99CE-72598B3F922E}.Release|Any CPU.ActiveCfg = Release|Any CPU
		{C0D83FD9-CFE5-4DBB-99CE-72598B3F922E}.Release|Any CPU.Build.0 = Release|Any CPU
		{9CA80790-44B7-49EB-9C48-F07D753F98AC}.Debug|Any CPU.ActiveCfg = Debug|Any CPU
		{9CA80790-44B7-49EB-9C48-F07D753F98AC}.Debug|Any CPU.Build.0 = Debug|Any CPU
		{9CA80790-44B7-49EB-9C48-F07D753F98AC}.NoVariablesDefault|Any CPU.ActiveCfg = Release|Any CPU
		{9CA80790-44B7-49EB-9C48-F07D753F98AC}.NoVariablesDefault|Any CPU.Build.0 = Release|Any CPU
		{9CA80790-44B7-49EB-9C48-F07D753F98AC}.Release|Any CPU.ActiveCfg = Release|Any CPU
		{9CA80790-44B7-49EB-9C48-F07D753F98AC}.Release|Any CPU.Build.0 = Release|Any CPU
		{4BD25CDF-D59B-4FBC-AB3E-B650E4D902C2}.Debug|Any CPU.ActiveCfg = Debug|Any CPU
		{4BD25CDF-D59B-4FBC-AB3E-B650E4D902C2}.Debug|Any CPU.Build.0 = Debug|Any CPU
		{4BD25CDF-D59B-4FBC-AB3E-B650E4D902C2}.NoVariablesDefault|Any CPU.ActiveCfg = Release|Any CPU
		{4BD25CDF-D59B-4FBC-AB3E-B650E4D902C2}.NoVariablesDefault|Any CPU.Build.0 = Release|Any CPU
		{4BD25CDF-D59B-4FBC-AB3E-B650E4D902C2}.Release|Any CPU.ActiveCfg = Release|Any CPU
		{4BD25CDF-D59B-4FBC-AB3E-B650E4D902C2}.Release|Any CPU.Build.0 = Release|Any CPU
		{E4FE171D-7D75-48ED-B486-5E578372A4A5}.Debug|Any CPU.ActiveCfg = Debug|Any CPU
		{E4FE171D-7D75-48ED-B486-5E578372A4A5}.Debug|Any CPU.Build.0 = Debug|Any CPU
		{E4FE171D-7D75-48ED-B486-5E578372A4A5}.NoVariablesDefault|Any CPU.ActiveCfg = Release|Any CPU
		{E4FE171D-7D75-48ED-B486-5E578372A4A5}.NoVariablesDefault|Any CPU.Build.0 = Release|Any CPU
		{E4FE171D-7D75-48ED-B486-5E578372A4A5}.Release|Any CPU.ActiveCfg = Release|Any CPU
		{E4FE171D-7D75-48ED-B486-5E578372A4A5}.Release|Any CPU.Build.0 = Release|Any CPU
		{0918D00B-63BE-456B-9649-F6F082A9511E}.Debug|Any CPU.ActiveCfg = Debug|Any CPU
		{0918D00B-63BE-456B-9649-F6F082A9511E}.Debug|Any CPU.Build.0 = Debug|Any CPU
		{0918D00B-63BE-456B-9649-F6F082A9511E}.NoVariablesDefault|Any CPU.ActiveCfg = Release|Any CPU
		{0918D00B-63BE-456B-9649-F6F082A9511E}.NoVariablesDefault|Any CPU.Build.0 = Release|Any CPU
		{0918D00B-63BE-456B-9649-F6F082A9511E}.Release|Any CPU.ActiveCfg = Release|Any CPU
		{0918D00B-63BE-456B-9649-F6F082A9511E}.Release|Any CPU.Build.0 = Release|Any CPU
		{32BCC5DA-DD1F-4F79-96A8-E7C19247C2C7}.Debug|Any CPU.ActiveCfg = Debug|Any CPU
		{32BCC5DA-DD1F-4F79-96A8-E7C19247C2C7}.Debug|Any CPU.Build.0 = Debug|Any CPU
		{32BCC5DA-DD1F-4F79-96A8-E7C19247C2C7}.NoVariablesDefault|Any CPU.ActiveCfg = Release|Any CPU
		{32BCC5DA-DD1F-4F79-96A8-E7C19247C2C7}.NoVariablesDefault|Any CPU.Build.0 = Release|Any CPU
		{32BCC5DA-DD1F-4F79-96A8-E7C19247C2C7}.Release|Any CPU.ActiveCfg = Release|Any CPU
		{32BCC5DA-DD1F-4F79-96A8-E7C19247C2C7}.Release|Any CPU.Build.0 = Release|Any CPU
		{EC6F85FE-6FE7-45D8-996C-C17DF477A537}.Debug|Any CPU.ActiveCfg = Debug|Any CPU
		{EC6F85FE-6FE7-45D8-996C-C17DF477A537}.Debug|Any CPU.Build.0 = Debug|Any CPU
		{EC6F85FE-6FE7-45D8-996C-C17DF477A537}.NoVariablesDefault|Any CPU.ActiveCfg = Release|Any CPU
		{EC6F85FE-6FE7-45D8-996C-C17DF477A537}.NoVariablesDefault|Any CPU.Build.0 = Release|Any CPU
		{EC6F85FE-6FE7-45D8-996C-C17DF477A537}.Release|Any CPU.ActiveCfg = Release|Any CPU
		{EC6F85FE-6FE7-45D8-996C-C17DF477A537}.Release|Any CPU.Build.0 = Release|Any CPU
		{881BE285-7267-4269-8A97-7D44EE290870}.Debug|Any CPU.ActiveCfg = Debug|Any CPU
		{881BE285-7267-4269-8A97-7D44EE290870}.Debug|Any CPU.Build.0 = Debug|Any CPU
		{881BE285-7267-4269-8A97-7D44EE290870}.NoVariablesDefault|Any CPU.ActiveCfg = Release|Any CPU
		{881BE285-7267-4269-8A97-7D44EE290870}.NoVariablesDefault|Any CPU.Build.0 = Release|Any CPU
		{881BE285-7267-4269-8A97-7D44EE290870}.Release|Any CPU.ActiveCfg = Release|Any CPU
		{881BE285-7267-4269-8A97-7D44EE290870}.Release|Any CPU.Build.0 = Release|Any CPU
		{70946C92-2760-4F2E-B3AB-918CD5B4A9A4}.Debug|Any CPU.ActiveCfg = Debug|Any CPU
		{70946C92-2760-4F2E-B3AB-918CD5B4A9A4}.Debug|Any CPU.Build.0 = Debug|Any CPU
		{70946C92-2760-4F2E-B3AB-918CD5B4A9A4}.NoVariablesDefault|Any CPU.ActiveCfg = Release|Any CPU
		{70946C92-2760-4F2E-B3AB-918CD5B4A9A4}.NoVariablesDefault|Any CPU.Build.0 = Release|Any CPU
		{70946C92-2760-4F2E-B3AB-918CD5B4A9A4}.Release|Any CPU.ActiveCfg = Release|Any CPU
		{70946C92-2760-4F2E-B3AB-918CD5B4A9A4}.Release|Any CPU.Build.0 = Release|Any CPU
		{F4BA9FA8-6644-4B04-AF65-0C83C71DEE8B}.Debug|Any CPU.ActiveCfg = Debug|Any CPU
		{F4BA9FA8-6644-4B04-AF65-0C83C71DEE8B}.Debug|Any CPU.Build.0 = Debug|Any CPU
		{F4BA9FA8-6644-4B04-AF65-0C83C71DEE8B}.NoVariablesDefault|Any CPU.ActiveCfg = Release|Any CPU
		{F4BA9FA8-6644-4B04-AF65-0C83C71DEE8B}.NoVariablesDefault|Any CPU.Build.0 = Release|Any CPU
		{F4BA9FA8-6644-4B04-AF65-0C83C71DEE8B}.Release|Any CPU.ActiveCfg = Release|Any CPU
		{F4BA9FA8-6644-4B04-AF65-0C83C71DEE8B}.Release|Any CPU.Build.0 = Release|Any CPU
		{3D7A4FAF-D4D5-45B9-95C1-C1FC4D7A1C98}.Debug|Any CPU.ActiveCfg = Debug|Any CPU
		{3D7A4FAF-D4D5-45B9-95C1-C1FC4D7A1C98}.Debug|Any CPU.Build.0 = Debug|Any CPU
		{3D7A4FAF-D4D5-45B9-95C1-C1FC4D7A1C98}.NoVariablesDefault|Any CPU.ActiveCfg = Release|Any CPU
		{3D7A4FAF-D4D5-45B9-95C1-C1FC4D7A1C98}.NoVariablesDefault|Any CPU.Build.0 = Release|Any CPU
		{3D7A4FAF-D4D5-45B9-95C1-C1FC4D7A1C98}.Release|Any CPU.ActiveCfg = Release|Any CPU
		{3D7A4FAF-D4D5-45B9-95C1-C1FC4D7A1C98}.Release|Any CPU.Build.0 = Release|Any CPU
		{85EB0653-BA3A-447F-B53E-D91BF13BAFDC}.Debug|Any CPU.ActiveCfg = Debug|Any CPU
		{85EB0653-BA3A-447F-B53E-D91BF13BAFDC}.Debug|Any CPU.Build.0 = Debug|Any CPU
		{85EB0653-BA3A-447F-B53E-D91BF13BAFDC}.NoVariablesDefault|Any CPU.ActiveCfg = Release|Any CPU
		{85EB0653-BA3A-447F-B53E-D91BF13BAFDC}.NoVariablesDefault|Any CPU.Build.0 = Release|Any CPU
		{85EB0653-BA3A-447F-B53E-D91BF13BAFDC}.Release|Any CPU.ActiveCfg = Release|Any CPU
		{85EB0653-BA3A-447F-B53E-D91BF13BAFDC}.Release|Any CPU.Build.0 = Release|Any CPU
		{C3601A71-40E0-45A8-A8D8-5C18568DD8A5}.Debug|Any CPU.ActiveCfg = Debug|Any CPU
		{C3601A71-40E0-45A8-A8D8-5C18568DD8A5}.Debug|Any CPU.Build.0 = Debug|Any CPU
		{C3601A71-40E0-45A8-A8D8-5C18568DD8A5}.NoVariablesDefault|Any CPU.ActiveCfg = Release|Any CPU
		{C3601A71-40E0-45A8-A8D8-5C18568DD8A5}.NoVariablesDefault|Any CPU.Build.0 = Release|Any CPU
		{C3601A71-40E0-45A8-A8D8-5C18568DD8A5}.Release|Any CPU.ActiveCfg = Release|Any CPU
		{C3601A71-40E0-45A8-A8D8-5C18568DD8A5}.Release|Any CPU.Build.0 = Release|Any CPU
		{9A156D1F-65C3-41F8-8822-0ADAC5504A3E}.Debug|Any CPU.ActiveCfg = Debug|Any CPU
		{9A156D1F-65C3-41F8-8822-0ADAC5504A3E}.Debug|Any CPU.Build.0 = Debug|Any CPU
		{9A156D1F-65C3-41F8-8822-0ADAC5504A3E}.NoVariablesDefault|Any CPU.ActiveCfg = Release|Any CPU
		{9A156D1F-65C3-41F8-8822-0ADAC5504A3E}.NoVariablesDefault|Any CPU.Build.0 = Release|Any CPU
		{9A156D1F-65C3-41F8-8822-0ADAC5504A3E}.Release|Any CPU.ActiveCfg = Release|Any CPU
		{9A156D1F-65C3-41F8-8822-0ADAC5504A3E}.Release|Any CPU.Build.0 = Release|Any CPU
		{E5C6BF73-06AA-449E-BA48-339BE08AF1AB}.Debug|Any CPU.ActiveCfg = Debug|Any CPU
		{E5C6BF73-06AA-449E-BA48-339BE08AF1AB}.Debug|Any CPU.Build.0 = Debug|Any CPU
		{E5C6BF73-06AA-449E-BA48-339BE08AF1AB}.NoVariablesDefault|Any CPU.ActiveCfg = Release|Any CPU
		{E5C6BF73-06AA-449E-BA48-339BE08AF1AB}.NoVariablesDefault|Any CPU.Build.0 = Release|Any CPU
		{E5C6BF73-06AA-449E-BA48-339BE08AF1AB}.Release|Any CPU.ActiveCfg = Release|Any CPU
		{E5C6BF73-06AA-449E-BA48-339BE08AF1AB}.Release|Any CPU.Build.0 = Release|Any CPU
		{1A5E22A6-7A0D-422B-9CD5-CDADCFB5DF15}.Debug|Any CPU.ActiveCfg = Debug|Any CPU
		{1A5E22A6-7A0D-422B-9CD5-CDADCFB5DF15}.Debug|Any CPU.Build.0 = Debug|Any CPU
		{1A5E22A6-7A0D-422B-9CD5-CDADCFB5DF15}.NoVariablesDefault|Any CPU.ActiveCfg = Release|Any CPU
		{1A5E22A6-7A0D-422B-9CD5-CDADCFB5DF15}.NoVariablesDefault|Any CPU.Build.0 = Release|Any CPU
		{1A5E22A6-7A0D-422B-9CD5-CDADCFB5DF15}.Release|Any CPU.ActiveCfg = Release|Any CPU
		{1A5E22A6-7A0D-422B-9CD5-CDADCFB5DF15}.Release|Any CPU.Build.0 = Release|Any CPU
		{25D2E7C5-009D-4519-9B3D-C8BEB9572954}.Debug|Any CPU.ActiveCfg = Debug|Any CPU
		{25D2E7C5-009D-4519-9B3D-C8BEB9572954}.Debug|Any CPU.Build.0 = Debug|Any CPU
		{25D2E7C5-009D-4519-9B3D-C8BEB9572954}.NoVariablesDefault|Any CPU.ActiveCfg = Release|Any CPU
		{25D2E7C5-009D-4519-9B3D-C8BEB9572954}.NoVariablesDefault|Any CPU.Build.0 = Release|Any CPU
		{25D2E7C5-009D-4519-9B3D-C8BEB9572954}.Release|Any CPU.ActiveCfg = Release|Any CPU
		{25D2E7C5-009D-4519-9B3D-C8BEB9572954}.Release|Any CPU.Build.0 = Release|Any CPU
		{9AD58CFF-DB1D-4F84-8E25-3ACD1CB03D88}.Debug|Any CPU.ActiveCfg = Debug|Any CPU
		{9AD58CFF-DB1D-4F84-8E25-3ACD1CB03D88}.Debug|Any CPU.Build.0 = Debug|Any CPU
		{9AD58CFF-DB1D-4F84-8E25-3ACD1CB03D88}.NoVariablesDefault|Any CPU.ActiveCfg = Release|Any CPU
		{9AD58CFF-DB1D-4F84-8E25-3ACD1CB03D88}.NoVariablesDefault|Any CPU.Build.0 = Release|Any CPU
		{9AD58CFF-DB1D-4F84-8E25-3ACD1CB03D88}.Release|Any CPU.ActiveCfg = Release|Any CPU
		{9AD58CFF-DB1D-4F84-8E25-3ACD1CB03D88}.Release|Any CPU.Build.0 = Release|Any CPU
		{059C669E-3668-44AB-9740-94D9ED604A31}.Debug|Any CPU.ActiveCfg = Debug|Any CPU
		{059C669E-3668-44AB-9740-94D9ED604A31}.Debug|Any CPU.Build.0 = Debug|Any CPU
		{059C669E-3668-44AB-9740-94D9ED604A31}.NoVariablesDefault|Any CPU.ActiveCfg = Release|Any CPU
		{059C669E-3668-44AB-9740-94D9ED604A31}.NoVariablesDefault|Any CPU.Build.0 = Release|Any CPU
		{059C669E-3668-44AB-9740-94D9ED604A31}.Release|Any CPU.ActiveCfg = Release|Any CPU
		{059C669E-3668-44AB-9740-94D9ED604A31}.Release|Any CPU.Build.0 = Release|Any CPU
		{4D07B0B6-024D-4588-9731-42E945C07A86}.Debug|Any CPU.ActiveCfg = Debug|Any CPU
		{4D07B0B6-024D-4588-9731-42E945C07A86}.Debug|Any CPU.Build.0 = Debug|Any CPU
		{4D07B0B6-024D-4588-9731-42E945C07A86}.NoVariablesDefault|Any CPU.ActiveCfg = NoVariablesDefault
		{4D07B0B6-024D-4588-9731-42E945C07A86}.NoVariablesDefault|Any CPU.Build.0 = NoVariablesDefault
		{4D07B0B6-024D-4588-9731-42E945C07A86}.Release|Any CPU.ActiveCfg = NoVariablesDefault
		{4D07B0B6-024D-4588-9731-42E945C07A86}.Release|Any CPU.Build.0 = NoVariablesDefault
		{B7F76BFE-D923-498F-A845-E72D10C695F3}.Debug|Any CPU.ActiveCfg = Debug|Any CPU
		{B7F76BFE-D923-498F-A845-E72D10C695F3}.Debug|Any CPU.Build.0 = Debug|Any CPU
		{B7F76BFE-D923-498F-A845-E72D10C695F3}.NoVariablesDefault|Any CPU.ActiveCfg = Debug|Any CPU
		{B7F76BFE-D923-498F-A845-E72D10C695F3}.NoVariablesDefault|Any CPU.Build.0 = Debug|Any CPU
		{B7F76BFE-D923-498F-A845-E72D10C695F3}.Release|Any CPU.ActiveCfg = Release|Any CPU
		{B7F76BFE-D923-498F-A845-E72D10C695F3}.Release|Any CPU.Build.0 = Release|Any CPU
		{8CFAD1A5-1579-40D4-A2A1-B58DAC317255}.Debug|Any CPU.ActiveCfg = Debug|Any CPU
		{8CFAD1A5-1579-40D4-A2A1-B58DAC317255}.Debug|Any CPU.Build.0 = Debug|Any CPU
		{8CFAD1A5-1579-40D4-A2A1-B58DAC317255}.NoVariablesDefault|Any CPU.ActiveCfg = Debug|Any CPU
		{8CFAD1A5-1579-40D4-A2A1-B58DAC317255}.NoVariablesDefault|Any CPU.Build.0 = Debug|Any CPU
		{8CFAD1A5-1579-40D4-A2A1-B58DAC317255}.Release|Any CPU.ActiveCfg = Release|Any CPU
		{8CFAD1A5-1579-40D4-A2A1-B58DAC317255}.Release|Any CPU.Build.0 = Release|Any CPU
		{C97D38B7-C73A-407B-B82D-FB3B69681B3D}.Debug|Any CPU.ActiveCfg = Debug|Any CPU
		{C97D38B7-C73A-407B-B82D-FB3B69681B3D}.Debug|Any CPU.Build.0 = Debug|Any CPU
		{C97D38B7-C73A-407B-B82D-FB3B69681B3D}.NoVariablesDefault|Any CPU.ActiveCfg = Debug|Any CPU
		{C97D38B7-C73A-407B-B82D-FB3B69681B3D}.NoVariablesDefault|Any CPU.Build.0 = Debug|Any CPU
		{C97D38B7-C73A-407B-B82D-FB3B69681B3D}.Release|Any CPU.ActiveCfg = Release|Any CPU
		{C97D38B7-C73A-407B-B82D-FB3B69681B3D}.Release|Any CPU.Build.0 = Release|Any CPU
		{A729D9BB-0D87-4209-960C-5CF88DFE8103}.Debug|Any CPU.ActiveCfg = Debug|Any CPU
		{A729D9BB-0D87-4209-960C-5CF88DFE8103}.Debug|Any CPU.Build.0 = Debug|Any CPU
		{A729D9BB-0D87-4209-960C-5CF88DFE8103}.NoVariablesDefault|Any CPU.ActiveCfg = Debug|Any CPU
		{A729D9BB-0D87-4209-960C-5CF88DFE8103}.NoVariablesDefault|Any CPU.Build.0 = Debug|Any CPU
		{A729D9BB-0D87-4209-960C-5CF88DFE8103}.Release|Any CPU.ActiveCfg = Release|Any CPU
		{A729D9BB-0D87-4209-960C-5CF88DFE8103}.Release|Any CPU.Build.0 = Release|Any CPU
		{0AEB01D4-4F86-483B-A352-CAA1BA8B8353}.Debug|Any CPU.ActiveCfg = Debug|Any CPU
		{0AEB01D4-4F86-483B-A352-CAA1BA8B8353}.Debug|Any CPU.Build.0 = Debug|Any CPU
		{0AEB01D4-4F86-483B-A352-CAA1BA8B8353}.NoVariablesDefault|Any CPU.ActiveCfg = Debug|Any CPU
		{0AEB01D4-4F86-483B-A352-CAA1BA8B8353}.NoVariablesDefault|Any CPU.Build.0 = Debug|Any CPU
		{0AEB01D4-4F86-483B-A352-CAA1BA8B8353}.Release|Any CPU.ActiveCfg = Release|Any CPU
		{0AEB01D4-4F86-483B-A352-CAA1BA8B8353}.Release|Any CPU.Build.0 = Release|Any CPU
		{04A4D148-4D25-4F2B-AA36-CE29B0758920}.Debug|Any CPU.ActiveCfg = Debug|Any CPU
		{04A4D148-4D25-4F2B-AA36-CE29B0758920}.Debug|Any CPU.Build.0 = Debug|Any CPU
		{04A4D148-4D25-4F2B-AA36-CE29B0758920}.NoVariablesDefault|Any CPU.ActiveCfg = Debug|Any CPU
		{04A4D148-4D25-4F2B-AA36-CE29B0758920}.NoVariablesDefault|Any CPU.Build.0 = Debug|Any CPU
		{04A4D148-4D25-4F2B-AA36-CE29B0758920}.Release|Any CPU.ActiveCfg = Release|Any CPU
		{04A4D148-4D25-4F2B-AA36-CE29B0758920}.Release|Any CPU.Build.0 = Release|Any CPU
		{09F6EE7A-A180-4FA1-A52C-51F50E757328}.Debug|Any CPU.ActiveCfg = Debug|Any CPU
		{09F6EE7A-A180-4FA1-A52C-51F50E757328}.Debug|Any CPU.Build.0 = Debug|Any CPU
		{09F6EE7A-A180-4FA1-A52C-51F50E757328}.NoVariablesDefault|Any CPU.ActiveCfg = Debug|Any CPU
		{09F6EE7A-A180-4FA1-A52C-51F50E757328}.NoVariablesDefault|Any CPU.Build.0 = Debug|Any CPU
		{09F6EE7A-A180-4FA1-A52C-51F50E757328}.Release|Any CPU.ActiveCfg = Release|Any CPU
		{09F6EE7A-A180-4FA1-A52C-51F50E757328}.Release|Any CPU.Build.0 = Release|Any CPU
		{350CF77B-DE83-42D8-94F0-8AF72E90AEFB}.Debug|Any CPU.ActiveCfg = Debug|Any CPU
		{350CF77B-DE83-42D8-94F0-8AF72E90AEFB}.Debug|Any CPU.Build.0 = Debug|Any CPU
		{350CF77B-DE83-42D8-94F0-8AF72E90AEFB}.NoVariablesDefault|Any CPU.ActiveCfg = Debug|Any CPU
		{350CF77B-DE83-42D8-94F0-8AF72E90AEFB}.NoVariablesDefault|Any CPU.Build.0 = Debug|Any CPU
		{350CF77B-DE83-42D8-94F0-8AF72E90AEFB}.Release|Any CPU.ActiveCfg = Release|Any CPU
		{350CF77B-DE83-42D8-94F0-8AF72E90AEFB}.Release|Any CPU.Build.0 = Release|Any CPU
		{2B646D95-2E18-4FBD-9654-BC69B0A7C07E}.Debug|Any CPU.ActiveCfg = Debug|Any CPU
		{2B646D95-2E18-4FBD-9654-BC69B0A7C07E}.Debug|Any CPU.Build.0 = Debug|Any CPU
		{2B646D95-2E18-4FBD-9654-BC69B0A7C07E}.NoVariablesDefault|Any CPU.ActiveCfg = Debug|Any CPU
		{2B646D95-2E18-4FBD-9654-BC69B0A7C07E}.NoVariablesDefault|Any CPU.Build.0 = Debug|Any CPU
		{2B646D95-2E18-4FBD-9654-BC69B0A7C07E}.Release|Any CPU.ActiveCfg = Release|Any CPU
		{2B646D95-2E18-4FBD-9654-BC69B0A7C07E}.Release|Any CPU.Build.0 = Release|Any CPU
		{CD42F4E5-C50B-4F33-A6EA-04B898489268}.Debug|Any CPU.ActiveCfg = Debug|Any CPU
		{CD42F4E5-C50B-4F33-A6EA-04B898489268}.Debug|Any CPU.Build.0 = Debug|Any CPU
		{CD42F4E5-C50B-4F33-A6EA-04B898489268}.NoVariablesDefault|Any CPU.ActiveCfg = Debug|Any CPU
		{CD42F4E5-C50B-4F33-A6EA-04B898489268}.NoVariablesDefault|Any CPU.Build.0 = Debug|Any CPU
		{CD42F4E5-C50B-4F33-A6EA-04B898489268}.Release|Any CPU.ActiveCfg = Release|Any CPU
		{CD42F4E5-C50B-4F33-A6EA-04B898489268}.Release|Any CPU.Build.0 = Release|Any CPU
	EndGlobalSection
	GlobalSection(SolutionProperties) = preSolution
		HideSolutionNode = FALSE
	EndGlobalSection
	GlobalSection(NestedProjects) = preSolution
		{37CE2C89-9BC3-4E6A-8695-5B5B02113EEF} = {76CDB86C-8EFF-47C3-AE5D-000B44170364}
		{BBF6973D-B778-4ED0-A2FC-5BE18AC2C61F} = {C2F3B59B-84B9-4C1F-B347-73F3B5333B81}
		{50DB6008-EE20-43B1-9EAD-F53DE204C46B} = {C2F3B59B-84B9-4C1F-B347-73F3B5333B81}
		{8040BA37-0879-409A-B152-0E162ED3AC6B} = {C2F3B59B-84B9-4C1F-B347-73F3B5333B81}
		{ADA6C96A-75AA-486C-937E-9460520AE766} = {C2F3B59B-84B9-4C1F-B347-73F3B5333B81}
		{E3AF5F8A-368E-4BAB-8CE2-D0F0CD2CC4AE} = {8FBC374D-A797-4F9C-BFC1-8E4C88F1CDD8}
		{C0D83FD9-CFE5-4DBB-99CE-72598B3F922E} = {8FBC374D-A797-4F9C-BFC1-8E4C88F1CDD8}
		{9CA80790-44B7-49EB-9C48-F07D753F98AC} = {76CDB86C-8EFF-47C3-AE5D-000B44170364}
		{4BD25CDF-D59B-4FBC-AB3E-B650E4D902C2} = {76CDB86C-8EFF-47C3-AE5D-000B44170364}
		{E4FE171D-7D75-48ED-B486-5E578372A4A5} = {76CDB86C-8EFF-47C3-AE5D-000B44170364}
		{0918D00B-63BE-456B-9649-F6F082A9511E} = {76CDB86C-8EFF-47C3-AE5D-000B44170364}
		{8FBC374D-A797-4F9C-BFC1-8E4C88F1CDD8} = {A4A2DDB7-3580-4BAE-810C-246B99EE1AB1}
		{C2F3B59B-84B9-4C1F-B347-73F3B5333B81} = {A4A2DDB7-3580-4BAE-810C-246B99EE1AB1}
		{7B1A1C00-E43F-45F7-BEB5-0856CB2D490C} = {A4A2DDB7-3580-4BAE-810C-246B99EE1AB1}
		{EA7D4080-8A9D-41B8-8CE6-F44D4E7B1698} = {A4A2DDB7-3580-4BAE-810C-246B99EE1AB1}
		{76CDB86C-8EFF-47C3-AE5D-000B44170364} = {A4A2DDB7-3580-4BAE-810C-246B99EE1AB1}
		{32BCC5DA-DD1F-4F79-96A8-E7C19247C2C7} = {7B1A1C00-E43F-45F7-BEB5-0856CB2D490C}
		{EC6F85FE-6FE7-45D8-996C-C17DF477A537} = {7B1A1C00-E43F-45F7-BEB5-0856CB2D490C}
		{881BE285-7267-4269-8A97-7D44EE290870} = {7B1A1C00-E43F-45F7-BEB5-0856CB2D490C}
		{70946C92-2760-4F2E-B3AB-918CD5B4A9A4} = {7B1A1C00-E43F-45F7-BEB5-0856CB2D490C}
		{F4BA9FA8-6644-4B04-AF65-0C83C71DEE8B} = {7B1A1C00-E43F-45F7-BEB5-0856CB2D490C}
		{3D7A4FAF-D4D5-45B9-95C1-C1FC4D7A1C98} = {8FBC374D-A797-4F9C-BFC1-8E4C88F1CDD8}
		{85EB0653-BA3A-447F-B53E-D91BF13BAFDC} = {EA7D4080-8A9D-41B8-8CE6-F44D4E7B1698}
		{C3601A71-40E0-45A8-A8D8-5C18568DD8A5} = {EA7D4080-8A9D-41B8-8CE6-F44D4E7B1698}
		{9A156D1F-65C3-41F8-8822-0ADAC5504A3E} = {EA7D4080-8A9D-41B8-8CE6-F44D4E7B1698}
		{E5C6BF73-06AA-449E-BA48-339BE08AF1AB} = {EA7D4080-8A9D-41B8-8CE6-F44D4E7B1698}
		{1A5E22A6-7A0D-422B-9CD5-CDADCFB5DF15} = {EA7D4080-8A9D-41B8-8CE6-F44D4E7B1698}
		{F9E254EF-22B8-43F7-B8E1-1F85F4C95239} = {A4A2DDB7-3580-4BAE-810C-246B99EE1AB1}
		{25D2E7C5-009D-4519-9B3D-C8BEB9572954} = {F9E254EF-22B8-43F7-B8E1-1F85F4C95239}
		{9AD58CFF-DB1D-4F84-8E25-3ACD1CB03D88} = {F9E254EF-22B8-43F7-B8E1-1F85F4C95239}
		{059C669E-3668-44AB-9740-94D9ED604A31} = {CD41E47F-DF14-4712-985A-2404B1DEC520}
		{B7F76BFE-D923-498F-A845-E72D10C695F3} = {C2F3B59B-84B9-4C1F-B347-73F3B5333B81}
		{8CFAD1A5-1579-40D4-A2A1-B58DAC317255} = {CD41E47F-DF14-4712-985A-2404B1DEC520}
		{C97D38B7-C73A-407B-B82D-FB3B69681B3D} = {FAFD157A-344E-4AE9-9F13-84B3207858D7}
		{819F7675-AE4A-4961-9445-F67F985FE736} = {A4A2DDB7-3580-4BAE-810C-246B99EE1AB1}
		{A729D9BB-0D87-4209-960C-5CF88DFE8103} = {819F7675-AE4A-4961-9445-F67F985FE736}
		{0AEB01D4-4F86-483B-A352-CAA1BA8B8353} = {819F7675-AE4A-4961-9445-F67F985FE736}
		{04A4D148-4D25-4F2B-AA36-CE29B0758920} = {819F7675-AE4A-4961-9445-F67F985FE736}
		{09F6EE7A-A180-4FA1-A52C-51F50E757328} = {819F7675-AE4A-4961-9445-F67F985FE736}
		{350CF77B-DE83-42D8-94F0-8AF72E90AEFB} = {F9E254EF-22B8-43F7-B8E1-1F85F4C95239}
		{2B646D95-2E18-4FBD-9654-BC69B0A7C07E} = {F9E254EF-22B8-43F7-B8E1-1F85F4C95239}
		{CD42F4E5-C50B-4F33-A6EA-04B898489268} = {F9E254EF-22B8-43F7-B8E1-1F85F4C95239}
	EndGlobalSection
	GlobalSection(ExtensibilityGlobals) = postSolution
		SolutionGuid = {16F7DD09-53CC-443B-9191-0702F240F440}
	EndGlobalSection
EndGlobal
