
Microsoft Visual Studio Solution File, Format Version 12.00
# Visual Studio Version 17
VisualStudioVersion = 17.4.33205.214
MinimumVisualStudioVersion = 10.0.40219.1
Project("{FAE04EC0-301F-11D3-BF4B-00C04F79EFBC}") = "SCO", "SCO\SCO.csproj", "{810D3F18-6EC5-4CDD-8DE2-E864D963DADF}"
EndProject
Global
	GlobalSection(SolutionConfigurationPlatforms) = preSolution
		Debug|Any CPU = Debug|Any CPU
		Release|Any CPU = Release|Any CPU
	EndGlobalSection
	GlobalSection(ProjectConfigurationPlatforms) = postSolution
		{810D3F18-6EC5-4CDD-8DE2-E864D963DADF}.Debug|Any CPU.ActiveCfg = Debug|Any CPU
		{810D3F18-6EC5-4CDD-8DE2-E864D963DADF}.Debug|Any CPU.Build.0 = Debug|Any CPU
		{810D3F18-6EC5-4CDD-8DE2-E864D963DADF}.Release|Any CPU.ActiveCfg = Release|Any CPU
		{810D3F18-6EC5-4CDD-8DE2-E864D963DADF}.Release|Any CPU.Build.0 = Release|Any CPU
	EndGlobalSection
	GlobalSection(SolutionProperties) = preSolution
		HideSolutionNode = FALSE
	EndGlobalSection
	GlobalSection(ExtensibilityGlobals) = postSolution
		SolutionGuid = {931D4E6D-9FE7-443D-AB30-339E8D99A7CD}
	EndGlobalSection
EndGlobal
