
Microsoft Visual Studio Solution File, Format Version 12.00
# Visual Studio Version 17
VisualStudioVersion = 17.3.32825.248
MinimumVisualStudioVersion = 10.0.40219.1
Project("{2150E333-8FDC-42A3-9474-1A3956D46DE8}") = "SCO.Microservices", "SCO.Microservices", "{A4A2DDB7-3580-4BAE-810C-246B99EE1AB1}"
EndProject
Project("{2150E333-8FDC-42A3-9474-1A3956D46DE8}") = "PrinterService", "PrinterService", "{8FBC374D-A797-4F9C-BFC1-8E4C88F1CDD8}"
EndProject
Project("{2150E333-8FDC-42A3-9474-1A3956D46DE8}") = "ProductService", "ProductService", "{C2F3B59B-84B9-4C1F-B347-73F3B5333B81}"
EndProject
Project("{2150E333-8FDC-42A3-9474-1A3956D46DE8}") = "BasketService", "BasketService", "{7B1A1C00-E43F-45F7-BEB5-0856CB2D490C}"
EndProject
Project("{2150E333-8FDC-42A3-9474-1A3956D46DE8}") = "PaymentService", "PaymentService", "{EA7D4080-8A9D-41B8-8CE6-F44D4E7B1698}"
EndProject
Project("{2150E333-8FDC-42A3-9474-1A3956D46DE8}") = "IdentityService", "IdentityService", "{76CDB86C-8EFF-47C3-AE5D-000B44170364}"
EndProject
Project("{2150E333-8FDC-42A3-9474-1A3956D46DE8}") = "SCO.Core", "SCO.Core", "{CD41E47F-DF14-4712-985A-2404B1DEC520}"
EndProject
Project("{2150E333-8FDC-42A3-9474-1A3956D46DE8}") = "ShiftService", "ShiftService", "{F9E254EF-22B8-43F7-B8E1-1F85F4C95239}"
EndProject
Project("{E53339B2-1760-4266-BCC7-CA923CBCF16C}") = "docker-compose", "docker-compose.dcproj", "{4D07B0B6-024D-4588-9731-42E945C07A86}"
EndProject
Project("{9A19103F-16F7-4668-BE54-9A1E7A4F7556}") = "SCO.Web.UI", "SCO.Web.UI\SCO.Web.UI.csproj", "{C97D38B7-C73A-407B-B82D-FB3B69681B3D}"
EndProject
Project("{2150E333-8FDC-42A3-9474-1A3956D46DE8}") = "SCO.UI", "SCO.UI", "{FAFD157A-344E-4AE9-9F13-84B3207858D7}"
EndProject
Project("{2150E333-8FDC-42A3-9474-1A3956D46DE8}") = "ConfigurationService", "ConfigurationService", "{819F7675-AE4A-4961-9445-F67F985FE736}"
EndProject
Project("{9A19103F-16F7-4668-BE54-9A1E7A4F7556}") = "SCO.BasketService.Api", "Microservices\BasketService\SCO.BasketService.Api\SCO.BasketService.Api.csproj", "{03BA50BF-B8A9-4632-92D0-297DA5B8DBA3}"
EndProject
Project("{9A19103F-16F7-4668-BE54-9A1E7A4F7556}") = "SCO.BasketService.Application", "Microservices\BasketService\SCO.BasketService.Application\SCO.BasketService.Application.csproj", "{CDFD24F7-192C-4EE6-BACE-64F86E7BACAF}"
EndProject
Project("{9A19103F-16F7-4668-BE54-9A1E7A4F7556}") = "SCO.BasketService.Domain", "Microservices\BasketService\SCO.BasketService.Domain\SCO.BasketService.Domain.csproj", "{0E56B9EF-198C-42EA-984A-8CBA0710BA69}"
EndProject
Project("{9A19103F-16F7-4668-BE54-9A1E7A4F7556}") = "SCO.BasketService.EntityFramework", "Microservices\BasketService\SCO.BasketService.EntityFramework\SCO.BasketService.EntityFramework.csproj", "{059B22FE-296D-405A-9C47-43624C2F78FA}"
EndProject
Project("{9A19103F-16F7-4668-BE54-9A1E7A4F7556}") = "SCO.BasketService.Infrastructure", "Microservices\BasketService\SCO.BasketService.Infrastructure\SCO.BasketService.Infrastructure.csproj", "{3D670F81-229B-46CA-8BF0-179F879DD16F}"
EndProject
Project("{9A19103F-16F7-4668-BE54-9A1E7A4F7556}") = "SCO.PromotionService.Api", "Microservices\PromotionService\SCO.PromotionService.Api\SCO.PromotionService.Api.csproj", "{D5E88A32-3464-41FF-9034-84907AC731BB}"
EndProject
Project("{2150E333-8FDC-42A3-9474-1A3956D46DE8}") = "PromotionService", "PromotionService", "{1FA6BED0-55DF-4FD7-97F4-6D4E81FC088E}"
EndProject
Project("{9A19103F-16F7-4668-BE54-9A1E7A4F7556}") = "SCO.PromotionService.Application", "Microservices\PromotionService\SCO.PromotionService.Application\SCO.PromotionService.Application.csproj", "{095A18B8-D528-460F-990F-5495DE78B203}"
EndProject
Project("{9A19103F-16F7-4668-BE54-9A1E7A4F7556}") = "SCO.PromotionService.Domain", "Microservices\PromotionService\SCO.PromotionService.Domain\SCO.PromotionService.Domain.csproj", "{1732E280-951E-4CC0-ACCF-6AA10DFF2842}"
EndProject
Project("{9A19103F-16F7-4668-BE54-9A1E7A4F7556}") = "SCO.Contracts", "Core\SCO.Contracts\SCO.Contracts.csproj", "{989B6EB2-10F4-402D-909C-2AEF4073F4A7}"
EndProject
Project("{9A19103F-16F7-4668-BE54-9A1E7A4F7556}") = "SCO.Gateway.Api", "Core\SCO.Gateway.Api\SCO.Gateway.Api.csproj", "{F6B204BE-B67F-4D86-B155-CB201B250CF6}"
EndProject
Project("{9A19103F-16F7-4668-BE54-9A1E7A4F7556}") = "SCO.Gateway.Application", "Core\SCO.Gateway.Application\SCO.Gateway.Application.csproj", "{DF49A1DF-929A-4DC7-BCA9-0EBD4ED121D0}"
EndProject
Project("{2150E333-8FDC-42A3-9474-1A3956D46DE8}") = "SCO.Tests", "SCO.Tests", "{4B7507C5-B1E1-4F77-8C2A-61F6F81922A7}"
EndProject
Project("{2150E333-8FDC-42A3-9474-1A3956D46DE8}") = "SCO.Microservices.Tests", "SCO.Microservices.Tests", "{53D60B5C-EE26-4284-A618-1AC7CD045CB6}"
EndProject
Project("{2150E333-8FDC-42A3-9474-1A3956D46DE8}") = "PromotionService.Test", "PromotionService.Test", "{EB10E734-0130-4F00-B028-37CFE6989628}"
EndProject
Project("{9A19103F-16F7-4668-BE54-9A1E7A4F7556}") = "PromotionService.Application.Tests", "..\tests\SCO.Microservices\PromotionService.Tests\PromotionService.Application.Tests\PromotionService.Application.Tests.csproj", "{62492A4B-9C37-4389-92EE-10839215558A}"
EndProject
Project("{9A19103F-16F7-4668-BE54-9A1E7A4F7556}") = "SCO.PromotionService.Infrastructure", "Microservices\PromotionService\SCO.PromotionService.Infrastructure\SCO.PromotionService.Infrastructure.csproj", "{E8FBBA77-C6DB-494A-8815-321A095C972C}"
EndProject
Project("{9A19103F-16F7-4668-BE54-9A1E7A4F7556}") = "SCO.ProductService.Api", "Microservices\ProductService\SCO.ProductService.Api\SCO.ProductService.Api.csproj", "{EEA5C527-0EE6-496F-B16A-B412209EC3C8}"
EndProject
Project("{9A19103F-16F7-4668-BE54-9A1E7A4F7556}") = "SCO.ProductService.Application", "Microservices\ProductService\SCO.ProductService.Application\SCO.ProductService.Application.csproj", "{DBD460E0-C74A-4A18-8C97-401E2797ED3F}"
EndProject
Project("{9A19103F-16F7-4668-BE54-9A1E7A4F7556}") = "SCO.ProductService.Domain", "Microservices\ProductService\SCO.ProductService.Domain\SCO.ProductService.Domain.csproj", "{B8700871-1A71-48F4-B93C-1AA363341182}"
EndProject
Project("{9A19103F-16F7-4668-BE54-9A1E7A4F7556}") = "SCO.ProductService.EntityFramework", "Microservices\ProductService\SCO.ProductService.EntityFramework\SCO.ProductService.EntityFramework.csproj", "{3A2E5F2B-A87B-4672-A8B0-2CEDF8C00F64}"
EndProject
Project("{9A19103F-16F7-4668-BE54-9A1E7A4F7556}") = "SCO.ProductService.Infrastructure", "Microservices\ProductService\SCO.ProductService.Infrastructure\SCO.ProductService.Infrastructure.csproj", "{D2A852C0-06AC-4416-9F74-548AE1BAF98B}"
EndProject
Project("{9A19103F-16F7-4668-BE54-9A1E7A4F7556}") = "SCO.ShiftService.Api", "Microservices\ShiftService\SCO.ShiftService\SCO.ShiftService.Api.csproj", "{740A054B-A0C9-40DB-ABDC-C4F171036AE7}"
EndProject
Project("{9A19103F-16F7-4668-BE54-9A1E7A4F7556}") = "SCO.ShiftService.Application", "Microservices\ShiftService\SCO.ShiftService.Application\SCO.ShiftService.Application.csproj", "{AB9B0281-078C-4BBA-B8D7-69F4783D483A}"
EndProject
Project("{9A19103F-16F7-4668-BE54-9A1E7A4F7556}") = "SCO.ShiftService.Domain", "Microservices\ShiftService\SCO.ShiftService.Domain\SCO.ShiftService.Domain.csproj", "{F7B60B1A-86C4-4A2A-8286-AFFBE60BB23E}"
EndProject
Project("{9A19103F-16F7-4668-BE54-9A1E7A4F7556}") = "SCO.ShiftService.EntityFramework", "Microservices\ShiftService\SCO.ShiftService.EntityFramework\SCO.ShiftService.EntityFramework.csproj", "{A91A1A95-B824-4188-A143-5982EEC10726}"
EndProject
Project("{9A19103F-16F7-4668-BE54-9A1E7A4F7556}") = "SCO.ShiftService.Infrastructure", "Microservices\ShiftService\SCO.ShiftService.Infrastructure\SCO.ShiftService.Infrastructure.csproj", "{DE28B086-73DE-4A8F-AE69-33BBE3A99AE5}"
EndProject
Project("{9A19103F-16F7-4668-BE54-9A1E7A4F7556}") = "SCO.ConfigurationService.Api", "Microservices\ConfigurationService\SCO.ConfigurationService.Api\SCO.ConfigurationService.Api.csproj", "{D4C2728E-9BE8-440E-9342-3EF133A5AC1C}"
EndProject
Project("{9A19103F-16F7-4668-BE54-9A1E7A4F7556}") = "SCO.ConfigurationService.Application", "Microservices\ConfigurationService\SCO.ConfigurationService.Application\SCO.ConfigurationService.Application.csproj", "{73AEA90E-5CE3-42D7-856F-161284F99790}"
EndProject
Project("{9A19103F-16F7-4668-BE54-9A1E7A4F7556}") = "SCO.ConfigurationService.Domain", "Microservices\ConfigurationService\SCO.ConfigurationService.Domain\SCO.ConfigurationService.Domain.csproj", "{E0A5353F-9164-4C08-836E-0790BCE982DE}"
EndProject
Project("{9A19103F-16F7-4668-BE54-9A1E7A4F7556}") = "SCO.ConfigurationService.Infrastructure", "Microservices\ConfigurationService\SCO.ConfigurationService.Infrastructure\SCO.ConfigurationService.Infrastructure.csproj", "{18E3A289-3259-4295-BB35-6609B38AB936}"
EndProject
Project("{9A19103F-16F7-4668-BE54-9A1E7A4F7556}") = "SCO.PaymentService.Api", "Microservices\PaymentService\SCO.PaymentService.Api\SCO.PaymentService.Api.csproj", "{B3F87DA6-23C7-4A89-B6A9-8D0B16506E1D}"
EndProject
Project("{9A19103F-16F7-4668-BE54-9A1E7A4F7556}") = "SCO.PaymentService.Application", "Microservices\PaymentService\SCO.PaymentService.Application\SCO.PaymentService.Application.csproj", "{96313842-983D-4794-9A09-D579085544F8}"
EndProject
Project("{9A19103F-16F7-4668-BE54-9A1E7A4F7556}") = "SCO.PaymentService.Domain", "Microservices\PaymentService\SCO.PaymentService.Domain\SCO.PaymentService.Domain.csproj", "{D349B6D7-1AB0-469A-BA9B-150B70BA524D}"
EndProject
Project("{9A19103F-16F7-4668-BE54-9A1E7A4F7556}") = "SCO.PaymentService.EntityFramework", "Microservices\PaymentService\SCO.PaymentService.EntityFramework\SCO.PaymentService.EntityFramework.csproj", "{00965040-0509-46F0-A75F-A758729EF6FC}"
EndProject
Project("{9A19103F-16F7-4668-BE54-9A1E7A4F7556}") = "SCO.PaymentService.Infrastructure", "Microservices\PaymentService\SCO.PaymentService.Infrastructure\SCO.PaymentService.Infrastructure.csproj", "{E7D751DD-DB1D-4686-8DA3-CE7F4F252928}"
EndProject
Project("{9A19103F-16F7-4668-BE54-9A1E7A4F7556}") = "SCO.PrinterService.Api", "Microservices\PrinterService\SCO.Printer.Api\SCO.PrinterService.Api.csproj", "{45601EBD-FF3B-4096-A91E-51954427401E}"
EndProject
Project("{9A19103F-16F7-4668-BE54-9A1E7A4F7556}") = "SCO.PrinterService.Application", "Microservices\PrinterService\SCO.Printer.Application\SCO.PrinterService.Application.csproj", "{654BD0C7-6B31-406C-A41D-095F3CE8D15D}"
EndProject
Project("{9A19103F-16F7-4668-BE54-9A1E7A4F7556}") = "SCO.PrinterService.Domain", "Microservices\PrinterService\SCO.Printer.Domain\SCO.PrinterService.Domain.csproj", "{72982722-1762-451D-861B-20AB52C50300}"
EndProject
Project("{9A19103F-16F7-4668-BE54-9A1E7A4F7556}") = "SCO.Identity.Api", "Microservices\IdentityService\SCO.Identity\SCO.Identity.Api.csproj", "{31C0686E-88AA-451E-859C-2C3C84BAD899}"
EndProject
Project("{9A19103F-16F7-4668-BE54-9A1E7A4F7556}") = "SCO.Identity.Application", "Microservices\IdentityService\SCO.Identity.Application\SCO.Identity.Application.csproj", "{9F59E8EF-100B-4012-8E4D-87E9BDBB67E6}"
EndProject
Project("{9A19103F-16F7-4668-BE54-9A1E7A4F7556}") = "SCO.Identity.Domain", "Microservices\IdentityService\SCO.Identity.Domain\SCO.Identity.Domain.csproj", "{45CE9C00-F70C-46AE-B840-B4B312E8ADB8}"
EndProject
Project("{9A19103F-16F7-4668-BE54-9A1E7A4F7556}") = "SCO.Identity.EntityFramework", "Microservices\IdentityService\SCO.Identity.EntityFramework\SCO.Identity.EntityFramework.csproj", "{ADCA3C92-4A55-4735-9E7E-77E2C81BF0A5}"
EndProject
Project("{9A19103F-16F7-4668-BE54-9A1E7A4F7556}") = "SCO.Identity.Infrastructure", "Microservices\IdentityService\SCO.Identity.Infrastructure\SCO.Identity.Infrastructure.csproj", "{68BA10E9-1E1F-43FD-AE7F-37DFAB42E56E}"
EndProject
Project("{9A19103F-16F7-4668-BE54-9A1E7A4F7556}") = "SCO.PromotionService.EntityFramework", "Microservices\PromotionService\SCO.PromotionService.EntityFramework\SCO.PromotionService.EntityFramework.csproj", "{3F82599A-254A-4997-A284-9A2ED7AB1219}"
EndProject
Global
	GlobalSection(SolutionConfigurationPlatforms) = preSolution
		Debug|Any CPU = Debug|Any CPU
		NoVariablesDefault|Any CPU = NoVariablesDefault|Any CPU
		Release|Any CPU = Release|Any CPU
	EndGlobalSection
	GlobalSection(ProjectConfigurationPlatforms) = postSolution
		{4D07B0B6-024D-4588-9731-42E945C07A86}.Debug|Any CPU.ActiveCfg = Debug|Any CPU
		{4D07B0B6-024D-4588-9731-42E945C07A86}.Debug|Any CPU.Build.0 = Debug|Any CPU
		{4D07B0B6-024D-4588-9731-42E945C07A86}.NoVariablesDefault|Any CPU.ActiveCfg = NoVariablesDefault
		{4D07B0B6-024D-4588-9731-42E945C07A86}.NoVariablesDefault|Any CPU.Build.0 = NoVariablesDefault
		{4D07B0B6-024D-4588-9731-42E945C07A86}.Release|Any CPU.ActiveCfg = NoVariablesDefault
		{4D07B0B6-024D-4588-9731-42E945C07A86}.Release|Any CPU.Build.0 = NoVariablesDefault
		{C97D38B7-C73A-407B-B82D-FB3B69681B3D}.Debug|Any CPU.ActiveCfg = Debug|Any CPU
		{C97D38B7-C73A-407B-B82D-FB3B69681B3D}.Debug|Any CPU.Build.0 = Debug|Any CPU
		{C97D38B7-C73A-407B-B82D-FB3B69681B3D}.NoVariablesDefault|Any CPU.ActiveCfg = Debug|Any CPU
		{C97D38B7-C73A-407B-B82D-FB3B69681B3D}.NoVariablesDefault|Any CPU.Build.0 = Debug|Any CPU
		{C97D38B7-C73A-407B-B82D-FB3B69681B3D}.Release|Any CPU.ActiveCfg = Release|Any CPU
		{C97D38B7-C73A-407B-B82D-FB3B69681B3D}.Release|Any CPU.Build.0 = Release|Any CPU
		{03BA50BF-B8A9-4632-92D0-297DA5B8DBA3}.Debug|Any CPU.ActiveCfg = Debug|Any CPU
		{03BA50BF-B8A9-4632-92D0-297DA5B8DBA3}.Debug|Any CPU.Build.0 = Debug|Any CPU
		{03BA50BF-B8A9-4632-92D0-297DA5B8DBA3}.NoVariablesDefault|Any CPU.ActiveCfg = Debug|Any CPU
		{03BA50BF-B8A9-4632-92D0-297DA5B8DBA3}.NoVariablesDefault|Any CPU.Build.0 = Debug|Any CPU
		{03BA50BF-B8A9-4632-92D0-297DA5B8DBA3}.Release|Any CPU.ActiveCfg = Release|Any CPU
		{03BA50BF-B8A9-4632-92D0-297DA5B8DBA3}.Release|Any CPU.Build.0 = Release|Any CPU
		{CDFD24F7-192C-4EE6-BACE-64F86E7BACAF}.Debug|Any CPU.ActiveCfg = Debug|Any CPU
		{CDFD24F7-192C-4EE6-BACE-64F86E7BACAF}.Debug|Any CPU.Build.0 = Debug|Any CPU
		{CDFD24F7-192C-4EE6-BACE-64F86E7BACAF}.NoVariablesDefault|Any CPU.ActiveCfg = Debug|Any CPU
		{CDFD24F7-192C-4EE6-BACE-64F86E7BACAF}.NoVariablesDefault|Any CPU.Build.0 = Debug|Any CPU
		{CDFD24F7-192C-4EE6-BACE-64F86E7BACAF}.Release|Any CPU.ActiveCfg = Release|Any CPU
		{CDFD24F7-192C-4EE6-BACE-64F86E7BACAF}.Release|Any CPU.Build.0 = Release|Any CPU
		{0E56B9EF-198C-42EA-984A-8CBA0710BA69}.Debug|Any CPU.ActiveCfg = Debug|Any CPU
		{0E56B9EF-198C-42EA-984A-8CBA0710BA69}.Debug|Any CPU.Build.0 = Debug|Any CPU
		{0E56B9EF-198C-42EA-984A-8CBA0710BA69}.NoVariablesDefault|Any CPU.ActiveCfg = Debug|Any CPU
		{0E56B9EF-198C-42EA-984A-8CBA0710BA69}.NoVariablesDefault|Any CPU.Build.0 = Debug|Any CPU
		{0E56B9EF-198C-42EA-984A-8CBA0710BA69}.Release|Any CPU.ActiveCfg = Release|Any CPU
		{0E56B9EF-198C-42EA-984A-8CBA0710BA69}.Release|Any CPU.Build.0 = Release|Any CPU
		{059B22FE-296D-405A-9C47-43624C2F78FA}.Debug|Any CPU.ActiveCfg = Debug|Any CPU
		{059B22FE-296D-405A-9C47-43624C2F78FA}.Debug|Any CPU.Build.0 = Debug|Any CPU
		{059B22FE-296D-405A-9C47-43624C2F78FA}.NoVariablesDefault|Any CPU.ActiveCfg = Debug|Any CPU
		{059B22FE-296D-405A-9C47-43624C2F78FA}.NoVariablesDefault|Any CPU.Build.0 = Debug|Any CPU
		{059B22FE-296D-405A-9C47-43624C2F78FA}.Release|Any CPU.ActiveCfg = Release|Any CPU
		{059B22FE-296D-405A-9C47-43624C2F78FA}.Release|Any CPU.Build.0 = Release|Any CPU
		{3D670F81-229B-46CA-8BF0-179F879DD16F}.Debug|Any CPU.ActiveCfg = Debug|Any CPU
		{3D670F81-229B-46CA-8BF0-179F879DD16F}.Debug|Any CPU.Build.0 = Debug|Any CPU
		{3D670F81-229B-46CA-8BF0-179F879DD16F}.NoVariablesDefault|Any CPU.ActiveCfg = Debug|Any CPU
		{3D670F81-229B-46CA-8BF0-179F879DD16F}.NoVariablesDefault|Any CPU.Build.0 = Debug|Any CPU
		{3D670F81-229B-46CA-8BF0-179F879DD16F}.Release|Any CPU.ActiveCfg = Release|Any CPU
		{3D670F81-229B-46CA-8BF0-179F879DD16F}.Release|Any CPU.Build.0 = Release|Any CPU
		{D5E88A32-3464-41FF-9034-84907AC731BB}.Debug|Any CPU.ActiveCfg = Debug|Any CPU
		{D5E88A32-3464-41FF-9034-84907AC731BB}.Debug|Any CPU.Build.0 = Debug|Any CPU
		{D5E88A32-3464-41FF-9034-84907AC731BB}.NoVariablesDefault|Any CPU.ActiveCfg = Debug|Any CPU
		{D5E88A32-3464-41FF-9034-84907AC731BB}.NoVariablesDefault|Any CPU.Build.0 = Debug|Any CPU
		{D5E88A32-3464-41FF-9034-84907AC731BB}.Release|Any CPU.ActiveCfg = Release|Any CPU
		{D5E88A32-3464-41FF-9034-84907AC731BB}.Release|Any CPU.Build.0 = Release|Any CPU
		{095A18B8-D528-460F-990F-5495DE78B203}.Debug|Any CPU.ActiveCfg = Debug|Any CPU
		{095A18B8-D528-460F-990F-5495DE78B203}.Debug|Any CPU.Build.0 = Debug|Any CPU
		{095A18B8-D528-460F-990F-5495DE78B203}.NoVariablesDefault|Any CPU.ActiveCfg = Debug|Any CPU
		{095A18B8-D528-460F-990F-5495DE78B203}.NoVariablesDefault|Any CPU.Build.0 = Debug|Any CPU
		{095A18B8-D528-460F-990F-5495DE78B203}.Release|Any CPU.ActiveCfg = Release|Any CPU
		{095A18B8-D528-460F-990F-5495DE78B203}.Release|Any CPU.Build.0 = Release|Any CPU
		{1732E280-951E-4CC0-ACCF-6AA10DFF2842}.Debug|Any CPU.ActiveCfg = Debug|Any CPU
		{1732E280-951E-4CC0-ACCF-6AA10DFF2842}.Debug|Any CPU.Build.0 = Debug|Any CPU
		{1732E280-951E-4CC0-ACCF-6AA10DFF2842}.NoVariablesDefault|Any CPU.ActiveCfg = Debug|Any CPU
		{1732E280-951E-4CC0-ACCF-6AA10DFF2842}.NoVariablesDefault|Any CPU.Build.0 = Debug|Any CPU
		{1732E280-951E-4CC0-ACCF-6AA10DFF2842}.Release|Any CPU.ActiveCfg = Release|Any CPU
		{1732E280-951E-4CC0-ACCF-6AA10DFF2842}.Release|Any CPU.Build.0 = Release|Any CPU
		{989B6EB2-10F4-402D-909C-2AEF4073F4A7}.Debug|Any CPU.ActiveCfg = Debug|Any CPU
		{989B6EB2-10F4-402D-909C-2AEF4073F4A7}.Debug|Any CPU.Build.0 = Debug|Any CPU
		{989B6EB2-10F4-402D-909C-2AEF4073F4A7}.NoVariablesDefault|Any CPU.ActiveCfg = Debug|Any CPU
		{989B6EB2-10F4-402D-909C-2AEF4073F4A7}.NoVariablesDefault|Any CPU.Build.0 = Debug|Any CPU
		{989B6EB2-10F4-402D-909C-2AEF4073F4A7}.Release|Any CPU.ActiveCfg = Release|Any CPU
		{989B6EB2-10F4-402D-909C-2AEF4073F4A7}.Release|Any CPU.Build.0 = Release|Any CPU
		{F6B204BE-B67F-4D86-B155-CB201B250CF6}.Debug|Any CPU.ActiveCfg = Debug|Any CPU
		{F6B204BE-B67F-4D86-B155-CB201B250CF6}.Debug|Any CPU.Build.0 = Debug|Any CPU
		{F6B204BE-B67F-4D86-B155-CB201B250CF6}.NoVariablesDefault|Any CPU.ActiveCfg = Debug|Any CPU
		{F6B204BE-B67F-4D86-B155-CB201B250CF6}.NoVariablesDefault|Any CPU.Build.0 = Debug|Any CPU
		{F6B204BE-B67F-4D86-B155-CB201B250CF6}.Release|Any CPU.ActiveCfg = Release|Any CPU
		{F6B204BE-B67F-4D86-B155-CB201B250CF6}.Release|Any CPU.Build.0 = Release|Any CPU
		{DF49A1DF-929A-4DC7-BCA9-0EBD4ED121D0}.Debug|Any CPU.ActiveCfg = Debug|Any CPU
		{DF49A1DF-929A-4DC7-BCA9-0EBD4ED121D0}.Debug|Any CPU.Build.0 = Debug|Any CPU
		{DF49A1DF-929A-4DC7-BCA9-0EBD4ED121D0}.NoVariablesDefault|Any CPU.ActiveCfg = Debug|Any CPU
		{DF49A1DF-929A-4DC7-BCA9-0EBD4ED121D0}.NoVariablesDefault|Any CPU.Build.0 = Debug|Any CPU
		{DF49A1DF-929A-4DC7-BCA9-0EBD4ED121D0}.Release|Any CPU.ActiveCfg = Release|Any CPU
		{DF49A1DF-929A-4DC7-BCA9-0EBD4ED121D0}.Release|Any CPU.Build.0 = Release|Any CPU
		{62492A4B-9C37-4389-92EE-10839215558A}.Debug|Any CPU.ActiveCfg = Debug|Any CPU
		{62492A4B-9C37-4389-92EE-10839215558A}.Debug|Any CPU.Build.0 = Debug|Any CPU
		{62492A4B-9C37-4389-92EE-10839215558A}.NoVariablesDefault|Any CPU.ActiveCfg = Debug|Any CPU
		{62492A4B-9C37-4389-92EE-10839215558A}.NoVariablesDefault|Any CPU.Build.0 = Debug|Any CPU
		{62492A4B-9C37-4389-92EE-10839215558A}.Release|Any CPU.ActiveCfg = Release|Any CPU
		{62492A4B-9C37-4389-92EE-10839215558A}.Release|Any CPU.Build.0 = Release|Any CPU
		{E8FBBA77-C6DB-494A-8815-321A095C972C}.Debug|Any CPU.ActiveCfg = Debug|Any CPU
		{E8FBBA77-C6DB-494A-8815-321A095C972C}.Debug|Any CPU.Build.0 = Debug|Any CPU
		{E8FBBA77-C6DB-494A-8815-321A095C972C}.NoVariablesDefault|Any CPU.ActiveCfg = Debug|Any CPU
		{E8FBBA77-C6DB-494A-8815-321A095C972C}.NoVariablesDefault|Any CPU.Build.0 = Debug|Any CPU
		{E8FBBA77-C6DB-494A-8815-321A095C972C}.Release|Any CPU.ActiveCfg = Release|Any CPU
		{E8FBBA77-C6DB-494A-8815-321A095C972C}.Release|Any CPU.Build.0 = Release|Any CPU
		{EEA5C527-0EE6-496F-B16A-B412209EC3C8}.Debug|Any CPU.ActiveCfg = Debug|Any CPU
		{EEA5C527-0EE6-496F-B16A-B412209EC3C8}.Debug|Any CPU.Build.0 = Debug|Any CPU
		{EEA5C527-0EE6-496F-B16A-B412209EC3C8}.NoVariablesDefault|Any CPU.ActiveCfg = Debug|Any CPU
		{EEA5C527-0EE6-496F-B16A-B412209EC3C8}.NoVariablesDefault|Any CPU.Build.0 = Debug|Any CPU
		{EEA5C527-0EE6-496F-B16A-B412209EC3C8}.Release|Any CPU.ActiveCfg = Release|Any CPU
		{EEA5C527-0EE6-496F-B16A-B412209EC3C8}.Release|Any CPU.Build.0 = Release|Any CPU
		{DBD460E0-C74A-4A18-8C97-401E2797ED3F}.Debug|Any CPU.ActiveCfg = Debug|Any CPU
		{DBD460E0-C74A-4A18-8C97-401E2797ED3F}.Debug|Any CPU.Build.0 = Debug|Any CPU
		{DBD460E0-C74A-4A18-8C97-401E2797ED3F}.NoVariablesDefault|Any CPU.ActiveCfg = Debug|Any CPU
		{DBD460E0-C74A-4A18-8C97-401E2797ED3F}.NoVariablesDefault|Any CPU.Build.0 = Debug|Any CPU
		{DBD460E0-C74A-4A18-8C97-401E2797ED3F}.Release|Any CPU.ActiveCfg = Release|Any CPU
		{DBD460E0-C74A-4A18-8C97-401E2797ED3F}.Release|Any CPU.Build.0 = Release|Any CPU
		{B8700871-1A71-48F4-B93C-1AA363341182}.Debug|Any CPU.ActiveCfg = Debug|Any CPU
		{B8700871-1A71-48F4-B93C-1AA363341182}.Debug|Any CPU.Build.0 = Debug|Any CPU
		{B8700871-1A71-48F4-B93C-1AA363341182}.NoVariablesDefault|Any CPU.ActiveCfg = Debug|Any CPU
		{B8700871-1A71-48F4-B93C-1AA363341182}.NoVariablesDefault|Any CPU.Build.0 = Debug|Any CPU
		{B8700871-1A71-48F4-B93C-1AA363341182}.Release|Any CPU.ActiveCfg = Release|Any CPU
		{B8700871-1A71-48F4-B93C-1AA363341182}.Release|Any CPU.Build.0 = Release|Any CPU
		{3A2E5F2B-A87B-4672-A8B0-2CEDF8C00F64}.Debug|Any CPU.ActiveCfg = Debug|Any CPU
		{3A2E5F2B-A87B-4672-A8B0-2CEDF8C00F64}.Debug|Any CPU.Build.0 = Debug|Any CPU
		{3A2E5F2B-A87B-4672-A8B0-2CEDF8C00F64}.NoVariablesDefault|Any CPU.ActiveCfg = Debug|Any CPU
		{3A2E5F2B-A87B-4672-A8B0-2CEDF8C00F64}.NoVariablesDefault|Any CPU.Build.0 = Debug|Any CPU
		{3A2E5F2B-A87B-4672-A8B0-2CEDF8C00F64}.Release|Any CPU.ActiveCfg = Release|Any CPU
		{3A2E5F2B-A87B-4672-A8B0-2CEDF8C00F64}.Release|Any CPU.Build.0 = Release|Any CPU
		{D2A852C0-06AC-4416-9F74-548AE1BAF98B}.Debug|Any CPU.ActiveCfg = Debug|Any CPU
		{D2A852C0-06AC-4416-9F74-548AE1BAF98B}.Debug|Any CPU.Build.0 = Debug|Any CPU
		{D2A852C0-06AC-4416-9F74-548AE1BAF98B}.NoVariablesDefault|Any CPU.ActiveCfg = Debug|Any CPU
		{D2A852C0-06AC-4416-9F74-548AE1BAF98B}.NoVariablesDefault|Any CPU.Build.0 = Debug|Any CPU
		{D2A852C0-06AC-4416-9F74-548AE1BAF98B}.Release|Any CPU.ActiveCfg = Release|Any CPU
		{D2A852C0-06AC-4416-9F74-548AE1BAF98B}.Release|Any CPU.Build.0 = Release|Any CPU
		{740A054B-A0C9-40DB-ABDC-C4F171036AE7}.Debug|Any CPU.ActiveCfg = Debug|Any CPU
		{740A054B-A0C9-40DB-ABDC-C4F171036AE7}.Debug|Any CPU.Build.0 = Debug|Any CPU
		{740A054B-A0C9-40DB-ABDC-C4F171036AE7}.NoVariablesDefault|Any CPU.ActiveCfg = Debug|Any CPU
		{740A054B-A0C9-40DB-ABDC-C4F171036AE7}.NoVariablesDefault|Any CPU.Build.0 = Debug|Any CPU
		{740A054B-A0C9-40DB-ABDC-C4F171036AE7}.Release|Any CPU.ActiveCfg = Release|Any CPU
		{740A054B-A0C9-40DB-ABDC-C4F171036AE7}.Release|Any CPU.Build.0 = Release|Any CPU
		{AB9B0281-078C-4BBA-B8D7-69F4783D483A}.Debug|Any CPU.ActiveCfg = Debug|Any CPU
		{AB9B0281-078C-4BBA-B8D7-69F4783D483A}.Debug|Any CPU.Build.0 = Debug|Any CPU
		{AB9B0281-078C-4BBA-B8D7-69F4783D483A}.NoVariablesDefault|Any CPU.ActiveCfg = Debug|Any CPU
		{AB9B0281-078C-4BBA-B8D7-69F4783D483A}.NoVariablesDefault|Any CPU.Build.0 = Debug|Any CPU
		{AB9B0281-078C-4BBA-B8D7-69F4783D483A}.Release|Any CPU.ActiveCfg = Release|Any CPU
		{AB9B0281-078C-4BBA-B8D7-69F4783D483A}.Release|Any CPU.Build.0 = Release|Any CPU
		{F7B60B1A-86C4-4A2A-8286-AFFBE60BB23E}.Debug|Any CPU.ActiveCfg = Debug|Any CPU
		{F7B60B1A-86C4-4A2A-8286-AFFBE60BB23E}.Debug|Any CPU.Build.0 = Debug|Any CPU
		{F7B60B1A-86C4-4A2A-8286-AFFBE60BB23E}.NoVariablesDefault|Any CPU.ActiveCfg = Debug|Any CPU
		{F7B60B1A-86C4-4A2A-8286-AFFBE60BB23E}.NoVariablesDefault|Any CPU.Build.0 = Debug|Any CPU
		{F7B60B1A-86C4-4A2A-8286-AFFBE60BB23E}.Release|Any CPU.ActiveCfg = Release|Any CPU
		{F7B60B1A-86C4-4A2A-8286-AFFBE60BB23E}.Release|Any CPU.Build.0 = Release|Any CPU
		{A91A1A95-B824-4188-A143-5982EEC10726}.Debug|Any CPU.ActiveCfg = Debug|Any CPU
		{A91A1A95-B824-4188-A143-5982EEC10726}.Debug|Any CPU.Build.0 = Debug|Any CPU
		{A91A1A95-B824-4188-A143-5982EEC10726}.NoVariablesDefault|Any CPU.ActiveCfg = Debug|Any CPU
		{A91A1A95-B824-4188-A143-5982EEC10726}.NoVariablesDefault|Any CPU.Build.0 = Debug|Any CPU
		{A91A1A95-B824-4188-A143-5982EEC10726}.Release|Any CPU.ActiveCfg = Release|Any CPU
		{A91A1A95-B824-4188-A143-5982EEC10726}.Release|Any CPU.Build.0 = Release|Any CPU
		{DE28B086-73DE-4A8F-AE69-33BBE3A99AE5}.Debug|Any CPU.ActiveCfg = Debug|Any CPU
		{DE28B086-73DE-4A8F-AE69-33BBE3A99AE5}.Debug|Any CPU.Build.0 = Debug|Any CPU
		{DE28B086-73DE-4A8F-AE69-33BBE3A99AE5}.NoVariablesDefault|Any CPU.ActiveCfg = Debug|Any CPU
		{DE28B086-73DE-4A8F-AE69-33BBE3A99AE5}.NoVariablesDefault|Any CPU.Build.0 = Debug|Any CPU
		{DE28B086-73DE-4A8F-AE69-33BBE3A99AE5}.Release|Any CPU.ActiveCfg = Release|Any CPU
		{DE28B086-73DE-4A8F-AE69-33BBE3A99AE5}.Release|Any CPU.Build.0 = Release|Any CPU
		{D4C2728E-9BE8-440E-9342-3EF133A5AC1C}.Debug|Any CPU.ActiveCfg = Debug|Any CPU
		{D4C2728E-9BE8-440E-9342-3EF133A5AC1C}.Debug|Any CPU.Build.0 = Debug|Any CPU
		{D4C2728E-9BE8-440E-9342-3EF133A5AC1C}.NoVariablesDefault|Any CPU.ActiveCfg = Debug|Any CPU
		{D4C2728E-9BE8-440E-9342-3EF133A5AC1C}.NoVariablesDefault|Any CPU.Build.0 = Debug|Any CPU
		{D4C2728E-9BE8-440E-9342-3EF133A5AC1C}.Release|Any CPU.ActiveCfg = Release|Any CPU
		{D4C2728E-9BE8-440E-9342-3EF133A5AC1C}.Release|Any CPU.Build.0 = Release|Any CPU
		{73AEA90E-5CE3-42D7-856F-161284F99790}.Debug|Any CPU.ActiveCfg = Debug|Any CPU
		{73AEA90E-5CE3-42D7-856F-161284F99790}.Debug|Any CPU.Build.0 = Debug|Any CPU
		{73AEA90E-5CE3-42D7-856F-161284F99790}.NoVariablesDefault|Any CPU.ActiveCfg = Debug|Any CPU
		{73AEA90E-5CE3-42D7-856F-161284F99790}.NoVariablesDefault|Any CPU.Build.0 = Debug|Any CPU
		{73AEA90E-5CE3-42D7-856F-161284F99790}.Release|Any CPU.ActiveCfg = Release|Any CPU
		{73AEA90E-5CE3-42D7-856F-161284F99790}.Release|Any CPU.Build.0 = Release|Any CPU
		{E0A5353F-9164-4C08-836E-0790BCE982DE}.Debug|Any CPU.ActiveCfg = Debug|Any CPU
		{E0A5353F-9164-4C08-836E-0790BCE982DE}.Debug|Any CPU.Build.0 = Debug|Any CPU
		{E0A5353F-9164-4C08-836E-0790BCE982DE}.NoVariablesDefault|Any CPU.ActiveCfg = Debug|Any CPU
		{E0A5353F-9164-4C08-836E-0790BCE982DE}.NoVariablesDefault|Any CPU.Build.0 = Debug|Any CPU
		{E0A5353F-9164-4C08-836E-0790BCE982DE}.Release|Any CPU.ActiveCfg = Release|Any CPU
		{E0A5353F-9164-4C08-836E-0790BCE982DE}.Release|Any CPU.Build.0 = Release|Any CPU
		{18E3A289-3259-4295-BB35-6609B38AB936}.Debug|Any CPU.ActiveCfg = Debug|Any CPU
		{18E3A289-3259-4295-BB35-6609B38AB936}.Debug|Any CPU.Build.0 = Debug|Any CPU
		{18E3A289-3259-4295-BB35-6609B38AB936}.NoVariablesDefault|Any CPU.ActiveCfg = Debug|Any CPU
		{18E3A289-3259-4295-BB35-6609B38AB936}.NoVariablesDefault|Any CPU.Build.0 = Debug|Any CPU
		{18E3A289-3259-4295-BB35-6609B38AB936}.Release|Any CPU.ActiveCfg = Release|Any CPU
		{18E3A289-3259-4295-BB35-6609B38AB936}.Release|Any CPU.Build.0 = Release|Any CPU
		{B3F87DA6-23C7-4A89-B6A9-8D0B16506E1D}.Debug|Any CPU.ActiveCfg = Debug|Any CPU
		{B3F87DA6-23C7-4A89-B6A9-8D0B16506E1D}.Debug|Any CPU.Build.0 = Debug|Any CPU
		{B3F87DA6-23C7-4A89-B6A9-8D0B16506E1D}.NoVariablesDefault|Any CPU.ActiveCfg = Debug|Any CPU
		{B3F87DA6-23C7-4A89-B6A9-8D0B16506E1D}.NoVariablesDefault|Any CPU.Build.0 = Debug|Any CPU
		{B3F87DA6-23C7-4A89-B6A9-8D0B16506E1D}.Release|Any CPU.ActiveCfg = Release|Any CPU
		{B3F87DA6-23C7-4A89-B6A9-8D0B16506E1D}.Release|Any CPU.Build.0 = Release|Any CPU
		{96313842-983D-4794-9A09-D579085544F8}.Debug|Any CPU.ActiveCfg = Debug|Any CPU
		{96313842-983D-4794-9A09-D579085544F8}.Debug|Any CPU.Build.0 = Debug|Any CPU
		{96313842-983D-4794-9A09-D579085544F8}.NoVariablesDefault|Any CPU.ActiveCfg = Debug|Any CPU
		{96313842-983D-4794-9A09-D579085544F8}.NoVariablesDefault|Any CPU.Build.0 = Debug|Any CPU
		{96313842-983D-4794-9A09-D579085544F8}.Release|Any CPU.ActiveCfg = Release|Any CPU
		{96313842-983D-4794-9A09-D579085544F8}.Release|Any CPU.Build.0 = Release|Any CPU
		{D349B6D7-1AB0-469A-BA9B-150B70BA524D}.Debug|Any CPU.ActiveCfg = Debug|Any CPU
		{D349B6D7-1AB0-469A-BA9B-150B70BA524D}.Debug|Any CPU.Build.0 = Debug|Any CPU
		{D349B6D7-1AB0-469A-BA9B-150B70BA524D}.NoVariablesDefault|Any CPU.ActiveCfg = Debug|Any CPU
		{D349B6D7-1AB0-469A-BA9B-150B70BA524D}.NoVariablesDefault|Any CPU.Build.0 = Debug|Any CPU
		{D349B6D7-1AB0-469A-BA9B-150B70BA524D}.Release|Any CPU.ActiveCfg = Release|Any CPU
		{D349B6D7-1AB0-469A-BA9B-150B70BA524D}.Release|Any CPU.Build.0 = Release|Any CPU
		{00965040-0509-46F0-A75F-A758729EF6FC}.Debug|Any CPU.ActiveCfg = Debug|Any CPU
		{00965040-0509-46F0-A75F-A758729EF6FC}.Debug|Any CPU.Build.0 = Debug|Any CPU
		{00965040-0509-46F0-A75F-A758729EF6FC}.NoVariablesDefault|Any CPU.ActiveCfg = Debug|Any CPU
		{00965040-0509-46F0-A75F-A758729EF6FC}.NoVariablesDefault|Any CPU.Build.0 = Debug|Any CPU
		{00965040-0509-46F0-A75F-A758729EF6FC}.Release|Any CPU.ActiveCfg = Release|Any CPU
		{00965040-0509-46F0-A75F-A758729EF6FC}.Release|Any CPU.Build.0 = Release|Any CPU
		{E7D751DD-DB1D-4686-8DA3-CE7F4F252928}.Debug|Any CPU.ActiveCfg = Debug|Any CPU
		{E7D751DD-DB1D-4686-8DA3-CE7F4F252928}.Debug|Any CPU.Build.0 = Debug|Any CPU
		{E7D751DD-DB1D-4686-8DA3-CE7F4F252928}.NoVariablesDefault|Any CPU.ActiveCfg = Debug|Any CPU
		{E7D751DD-DB1D-4686-8DA3-CE7F4F252928}.NoVariablesDefault|Any CPU.Build.0 = Debug|Any CPU
		{E7D751DD-DB1D-4686-8DA3-CE7F4F252928}.Release|Any CPU.ActiveCfg = Release|Any CPU
		{E7D751DD-DB1D-4686-8DA3-CE7F4F252928}.Release|Any CPU.Build.0 = Release|Any CPU
		{45601EBD-FF3B-4096-A91E-51954427401E}.Debug|Any CPU.ActiveCfg = Debug|Any CPU
		{45601EBD-FF3B-4096-A91E-51954427401E}.Debug|Any CPU.Build.0 = Debug|Any CPU
		{45601EBD-FF3B-4096-A91E-51954427401E}.NoVariablesDefault|Any CPU.ActiveCfg = Debug|Any CPU
		{45601EBD-FF3B-4096-A91E-51954427401E}.NoVariablesDefault|Any CPU.Build.0 = Debug|Any CPU
		{45601EBD-FF3B-4096-A91E-51954427401E}.Release|Any CPU.ActiveCfg = Release|Any CPU
		{45601EBD-FF3B-4096-A91E-51954427401E}.Release|Any CPU.Build.0 = Release|Any CPU
		{654BD0C7-6B31-406C-A41D-095F3CE8D15D}.Debug|Any CPU.ActiveCfg = Debug|Any CPU
		{654BD0C7-6B31-406C-A41D-095F3CE8D15D}.Debug|Any CPU.Build.0 = Debug|Any CPU
		{654BD0C7-6B31-406C-A41D-095F3CE8D15D}.NoVariablesDefault|Any CPU.ActiveCfg = Debug|Any CPU
		{654BD0C7-6B31-406C-A41D-095F3CE8D15D}.NoVariablesDefault|Any CPU.Build.0 = Debug|Any CPU
		{654BD0C7-6B31-406C-A41D-095F3CE8D15D}.Release|Any CPU.ActiveCfg = Release|Any CPU
		{654BD0C7-6B31-406C-A41D-095F3CE8D15D}.Release|Any CPU.Build.0 = Release|Any CPU
		{72982722-1762-451D-861B-20AB52C50300}.Debug|Any CPU.ActiveCfg = Debug|Any CPU
		{72982722-1762-451D-861B-20AB52C50300}.Debug|Any CPU.Build.0 = Debug|Any CPU
		{72982722-1762-451D-861B-20AB52C50300}.NoVariablesDefault|Any CPU.ActiveCfg = Debug|Any CPU
		{72982722-1762-451D-861B-20AB52C50300}.NoVariablesDefault|Any CPU.Build.0 = Debug|Any CPU
		{72982722-1762-451D-861B-20AB52C50300}.Release|Any CPU.ActiveCfg = Release|Any CPU
		{72982722-1762-451D-861B-20AB52C50300}.Release|Any CPU.Build.0 = Release|Any CPU
		{31C0686E-88AA-451E-859C-2C3C84BAD899}.Debug|Any CPU.ActiveCfg = Debug|Any CPU
		{31C0686E-88AA-451E-859C-2C3C84BAD899}.Debug|Any CPU.Build.0 = Debug|Any CPU
		{31C0686E-88AA-451E-859C-2C3C84BAD899}.NoVariablesDefault|Any CPU.ActiveCfg = Debug|Any CPU
		{31C0686E-88AA-451E-859C-2C3C84BAD899}.NoVariablesDefault|Any CPU.Build.0 = Debug|Any CPU
		{31C0686E-88AA-451E-859C-2C3C84BAD899}.Release|Any CPU.ActiveCfg = Release|Any CPU
		{31C0686E-88AA-451E-859C-2C3C84BAD899}.Release|Any CPU.Build.0 = Release|Any CPU
		{9F59E8EF-100B-4012-8E4D-87E9BDBB67E6}.Debug|Any CPU.ActiveCfg = Debug|Any CPU
		{9F59E8EF-100B-4012-8E4D-87E9BDBB67E6}.Debug|Any CPU.Build.0 = Debug|Any CPU
		{9F59E8EF-100B-4012-8E4D-87E9BDBB67E6}.NoVariablesDefault|Any CPU.ActiveCfg = Debug|Any CPU
		{9F59E8EF-100B-4012-8E4D-87E9BDBB67E6}.NoVariablesDefault|Any CPU.Build.0 = Debug|Any CPU
		{9F59E8EF-100B-4012-8E4D-87E9BDBB67E6}.Release|Any CPU.ActiveCfg = Release|Any CPU
		{9F59E8EF-100B-4012-8E4D-87E9BDBB67E6}.Release|Any CPU.Build.0 = Release|Any CPU
		{45CE9C00-F70C-46AE-B840-B4B312E8ADB8}.Debug|Any CPU.ActiveCfg = Debug|Any CPU
		{45CE9C00-F70C-46AE-B840-B4B312E8ADB8}.Debug|Any CPU.Build.0 = Debug|Any CPU
		{45CE9C00-F70C-46AE-B840-B4B312E8ADB8}.NoVariablesDefault|Any CPU.ActiveCfg = Debug|Any CPU
		{45CE9C00-F70C-46AE-B840-B4B312E8ADB8}.NoVariablesDefault|Any CPU.Build.0 = Debug|Any CPU
		{45CE9C00-F70C-46AE-B840-B4B312E8ADB8}.Release|Any CPU.ActiveCfg = Release|Any CPU
		{45CE9C00-F70C-46AE-B840-B4B312E8ADB8}.Release|Any CPU.Build.0 = Release|Any CPU
		{ADCA3C92-4A55-4735-9E7E-77E2C81BF0A5}.Debug|Any CPU.ActiveCfg = Debug|Any CPU
		{ADCA3C92-4A55-4735-9E7E-77E2C81BF0A5}.Debug|Any CPU.Build.0 = Debug|Any CPU
		{ADCA3C92-4A55-4735-9E7E-77E2C81BF0A5}.NoVariablesDefault|Any CPU.ActiveCfg = Debug|Any CPU
		{ADCA3C92-4A55-4735-9E7E-77E2C81BF0A5}.NoVariablesDefault|Any CPU.Build.0 = Debug|Any CPU
		{ADCA3C92-4A55-4735-9E7E-77E2C81BF0A5}.Release|Any CPU.ActiveCfg = Release|Any CPU
		{ADCA3C92-4A55-4735-9E7E-77E2C81BF0A5}.Release|Any CPU.Build.0 = Release|Any CPU
		{68BA10E9-1E1F-43FD-AE7F-37DFAB42E56E}.Debug|Any CPU.ActiveCfg = Debug|Any CPU
		{68BA10E9-1E1F-43FD-AE7F-37DFAB42E56E}.Debug|Any CPU.Build.0 = Debug|Any CPU
		{68BA10E9-1E1F-43FD-AE7F-37DFAB42E56E}.NoVariablesDefault|Any CPU.ActiveCfg = Debug|Any CPU
		{68BA10E9-1E1F-43FD-AE7F-37DFAB42E56E}.NoVariablesDefault|Any CPU.Build.0 = Debug|Any CPU
		{68BA10E9-1E1F-43FD-AE7F-37DFAB42E56E}.Release|Any CPU.ActiveCfg = Release|Any CPU
		{68BA10E9-1E1F-43FD-AE7F-37DFAB42E56E}.Release|Any CPU.Build.0 = Release|Any CPU
		{3F82599A-254A-4997-A284-9A2ED7AB1219}.Debug|Any CPU.ActiveCfg = Debug|Any CPU
		{3F82599A-254A-4997-A284-9A2ED7AB1219}.Debug|Any CPU.Build.0 = Debug|Any CPU
		{3F82599A-254A-4997-A284-9A2ED7AB1219}.NoVariablesDefault|Any CPU.ActiveCfg = Debug|Any CPU
		{3F82599A-254A-4997-A284-9A2ED7AB1219}.NoVariablesDefault|Any CPU.Build.0 = Debug|Any CPU
		{3F82599A-254A-4997-A284-9A2ED7AB1219}.Release|Any CPU.ActiveCfg = Release|Any CPU
		{3F82599A-254A-4997-A284-9A2ED7AB1219}.Release|Any CPU.Build.0 = Release|Any CPU
	EndGlobalSection
	GlobalSection(SolutionProperties) = preSolution
		HideSolutionNode = FALSE
	EndGlobalSection
	GlobalSection(NestedProjects) = preSolution
		{8FBC374D-A797-4F9C-BFC1-8E4C88F1CDD8} = {A4A2DDB7-3580-4BAE-810C-246B99EE1AB1}
		{C2F3B59B-84B9-4C1F-B347-73F3B5333B81} = {A4A2DDB7-3580-4BAE-810C-246B99EE1AB1}
		{7B1A1C00-E43F-45F7-BEB5-0856CB2D490C} = {A4A2DDB7-3580-4BAE-810C-246B99EE1AB1}
		{EA7D4080-8A9D-41B8-8CE6-F44D4E7B1698} = {A4A2DDB7-3580-4BAE-810C-246B99EE1AB1}
		{76CDB86C-8EFF-47C3-AE5D-000B44170364} = {A4A2DDB7-3580-4BAE-810C-246B99EE1AB1}
		{F9E254EF-22B8-43F7-B8E1-1F85F4C95239} = {A4A2DDB7-3580-4BAE-810C-246B99EE1AB1}
		{4D07B0B6-024D-4588-9731-42E945C07A86} = {CD41E47F-DF14-4712-985A-2404B1DEC520}
		{C97D38B7-C73A-407B-B82D-FB3B69681B3D} = {FAFD157A-344E-4AE9-9F13-84B3207858D7}
		{819F7675-AE4A-4961-9445-F67F985FE736} = {A4A2DDB7-3580-4BAE-810C-246B99EE1AB1}
		{03BA50BF-B8A9-4632-92D0-297DA5B8DBA3} = {7B1A1C00-E43F-45F7-BEB5-0856CB2D490C}
		{CDFD24F7-192C-4EE6-BACE-64F86E7BACAF} = {7B1A1C00-E43F-45F7-BEB5-0856CB2D490C}
		{0E56B9EF-198C-42EA-984A-8CBA0710BA69} = {7B1A1C00-E43F-45F7-BEB5-0856CB2D490C}
		{059B22FE-296D-405A-9C47-43624C2F78FA} = {7B1A1C00-E43F-45F7-BEB5-0856CB2D490C}
		{3D670F81-229B-46CA-8BF0-179F879DD16F} = {7B1A1C00-E43F-45F7-BEB5-0856CB2D490C}
		{D5E88A32-3464-41FF-9034-84907AC731BB} = {1FA6BED0-55DF-4FD7-97F4-6D4E81FC088E}
		{1FA6BED0-55DF-4FD7-97F4-6D4E81FC088E} = {A4A2DDB7-3580-4BAE-810C-246B99EE1AB1}
		{095A18B8-D528-460F-990F-5495DE78B203} = {1FA6BED0-55DF-4FD7-97F4-6D4E81FC088E}
		{1732E280-951E-4CC0-ACCF-6AA10DFF2842} = {1FA6BED0-55DF-4FD7-97F4-6D4E81FC088E}
		{989B6EB2-10F4-402D-909C-2AEF4073F4A7} = {CD41E47F-DF14-4712-985A-2404B1DEC520}
		{F6B204BE-B67F-4D86-B155-CB201B250CF6} = {CD41E47F-DF14-4712-985A-2404B1DEC520}
		{DF49A1DF-929A-4DC7-BCA9-0EBD4ED121D0} = {CD41E47F-DF14-4712-985A-2404B1DEC520}
		{53D60B5C-EE26-4284-A618-1AC7CD045CB6} = {4B7507C5-B1E1-4F77-8C2A-61F6F81922A7}
		{EB10E734-0130-4F00-B028-37CFE6989628} = {53D60B5C-EE26-4284-A618-1AC7CD045CB6}
		{62492A4B-9C37-4389-92EE-10839215558A} = {EB10E734-0130-4F00-B028-37CFE6989628}
		{E8FBBA77-C6DB-494A-8815-321A095C972C} = {1FA6BED0-55DF-4FD7-97F4-6D4E81FC088E}
		{EEA5C527-0EE6-496F-B16A-B412209EC3C8} = {C2F3B59B-84B9-4C1F-B347-73F3B5333B81}
		{DBD460E0-C74A-4A18-8C97-401E2797ED3F} = {C2F3B59B-84B9-4C1F-B347-73F3B5333B81}
		{B8700871-1A71-48F4-B93C-1AA363341182} = {C2F3B59B-84B9-4C1F-B347-73F3B5333B81}
		{3A2E5F2B-A87B-4672-A8B0-2CEDF8C00F64} = {C2F3B59B-84B9-4C1F-B347-73F3B5333B81}
		{D2A852C0-06AC-4416-9F74-548AE1BAF98B} = {C2F3B59B-84B9-4C1F-B347-73F3B5333B81}
		{740A054B-A0C9-40DB-ABDC-C4F171036AE7} = {F9E254EF-22B8-43F7-B8E1-1F85F4C95239}
		{AB9B0281-078C-4BBA-B8D7-69F4783D483A} = {F9E254EF-22B8-43F7-B8E1-1F85F4C95239}
		{F7B60B1A-86C4-4A2A-8286-AFFBE60BB23E} = {F9E254EF-22B8-43F7-B8E1-1F85F4C95239}
		{A91A1A95-B824-4188-A143-5982EEC10726} = {F9E254EF-22B8-43F7-B8E1-1F85F4C95239}
		{DE28B086-73DE-4A8F-AE69-33BBE3A99AE5} = {F9E254EF-22B8-43F7-B8E1-1F85F4C95239}
		{D4C2728E-9BE8-440E-9342-3EF133A5AC1C} = {819F7675-AE4A-4961-9445-F67F985FE736}
		{73AEA90E-5CE3-42D7-856F-161284F99790} = {819F7675-AE4A-4961-9445-F67F985FE736}
		{E0A5353F-9164-4C08-836E-0790BCE982DE} = {819F7675-AE4A-4961-9445-F67F985FE736}
		{18E3A289-3259-4295-BB35-6609B38AB936} = {819F7675-AE4A-4961-9445-F67F985FE736}
		{B3F87DA6-23C7-4A89-B6A9-8D0B16506E1D} = {EA7D4080-8A9D-41B8-8CE6-F44D4E7B1698}
		{96313842-983D-4794-9A09-D579085544F8} = {EA7D4080-8A9D-41B8-8CE6-F44D4E7B1698}
		{D349B6D7-1AB0-469A-BA9B-150B70BA524D} = {EA7D4080-8A9D-41B8-8CE6-F44D4E7B1698}
		{00965040-0509-46F0-A75F-A758729EF6FC} = {EA7D4080-8A9D-41B8-8CE6-F44D4E7B1698}
		{E7D751DD-DB1D-4686-8DA3-CE7F4F252928} = {EA7D4080-8A9D-41B8-8CE6-F44D4E7B1698}
		{45601EBD-FF3B-4096-A91E-51954427401E} = {8FBC374D-A797-4F9C-BFC1-8E4C88F1CDD8}
		{654BD0C7-6B31-406C-A41D-095F3CE8D15D} = {8FBC374D-A797-4F9C-BFC1-8E4C88F1CDD8}
		{72982722-1762-451D-861B-20AB52C50300} = {8FBC374D-A797-4F9C-BFC1-8E4C88F1CDD8}
		{31C0686E-88AA-451E-859C-2C3C84BAD899} = {76CDB86C-8EFF-47C3-AE5D-000B44170364}
		{9F59E8EF-100B-4012-8E4D-87E9BDBB67E6} = {76CDB86C-8EFF-47C3-AE5D-000B44170364}
		{45CE9C00-F70C-46AE-B840-B4B312E8ADB8} = {76CDB86C-8EFF-47C3-AE5D-000B44170364}
		{ADCA3C92-4A55-4735-9E7E-77E2C81BF0A5} = {76CDB86C-8EFF-47C3-AE5D-000B44170364}
		{68BA10E9-1E1F-43FD-AE7F-37DFAB42E56E} = {76CDB86C-8EFF-47C3-AE5D-000B44170364}
		{3F82599A-254A-4997-A284-9A2ED7AB1219} = {1FA6BED0-55DF-4FD7-97F4-6D4E81FC088E}
	EndGlobalSection
	GlobalSection(ExtensibilityGlobals) = postSolution
		SolutionGuid = {16F7DD09-53CC-443B-9191-0702F240F440}
	EndGlobalSection
EndGlobal
